
Microsoft Visual Studio Solution File, Format Version 10.00
# Visual Studio 2008
Project("{2150E333-8FDC-42A3-9474-1A3956D46DE8}") = "Tools", "Tools", "{4802DA09-9A90-48F2-9F89-D9B2D55154EC}"
EndProject
Project("{2150E333-8FDC-42A3-9474-1A3956D46DE8}") = "Engine", "Engine", "{85C1B6CB-7016-484B-96B6-FB16FD013B2E}"
EndProject
Project("{2150E333-8FDC-42A3-9474-1A3956D46DE8}") = "Game", "Game", "{7143B152-6389-4BAB-BD7A-E0D38DC6D2AE}"
EndProject
Project("{2150E333-8FDC-42A3-9474-1A3956D46DE8}") = "DevNotes", "DevNotes", "{2A348522-0343-4070-B8FB-2548993F7BD2}"
	ProjectSection(SolutionItems) = preProject
		..\..\DevNotes\__OpenFaction.txt = ..\..\DevNotes\__OpenFaction.txt
		..\..\DevNotes\__Thesis.txt = ..\..\DevNotes\__Thesis.txt
		..\..\DevNotes\_rev_eng.txt = ..\..\DevNotes\_rev_eng.txt
		..\..\DevNotes\BUGS.txt = ..\..\DevNotes\BUGS.txt
		..\..\DevNotes\code templates.txt = ..\..\DevNotes\code templates.txt
		..\..\DevNotes\code_dump_0.txt = ..\..\DevNotes\code_dump_0.txt
		..\..\DevNotes\code_dump_1.txt = ..\..\DevNotes\code_dump_1.txt
		..\..\DevNotes\code_dump_2.txt = ..\..\DevNotes\code_dump_2.txt
		..\..\DevNotes\code_dump_3.txt = ..\..\DevNotes\code_dump_3.txt
		..\..\DevNotes\code_dump_4.txt = ..\..\DevNotes\code_dump_4.txt
		..\..\DevNotes\code_dump_5.txt = ..\..\DevNotes\code_dump_5.txt
		..\..\DevNotes\code_dump_6.txt = ..\..\DevNotes\code_dump_6.txt
		..\..\DevNotes\History.txt = ..\..\DevNotes\History.txt
		..\..\DevNotes\humor.txt = ..\..\DevNotes\humor.txt
		..\..\DevNotes\Ideas.txt = ..\..\DevNotes\Ideas.txt
		..\..\DevNotes\Links.txt = ..\..\DevNotes\Links.txt
		..\..\DevNotes\new_code.h = ..\..\DevNotes\new_code.h
		..\..\DevNotes\new_code.hlsl = ..\..\DevNotes\new_code.hlsl
		..\..\DevNotes\Threading.h = ..\..\DevNotes\Threading.h
		..\..\DevNotes\TODO.txt = ..\..\DevNotes\TODO.txt
		..\..\DevNotes\TODO_before_release.txt = ..\..\DevNotes\TODO_before_release.txt
		..\..\DevNotes\UsefulNotes.txt = ..\..\DevNotes\UsefulNotes.txt
		..\..\DevNotes\workplan.txt = ..\..\DevNotes\workplan.txt
	EndProjectSection
EndProject
Project("{2150E333-8FDC-42A3-9474-1A3956D46DE8}") = "External Libraries", "External Libraries", "{F76A7906-A952-490B-BDEF-1BFD8D7D9C5D}"
EndProject
Project("{2150E333-8FDC-42A3-9474-1A3956D46DE8}") = "Physics", "Physics", "{FDDA5F9E-E7C9-4881-A391-67EE5380B812}"
EndProject
Project("{2150E333-8FDC-42A3-9474-1A3956D46DE8}") = "DXSDK", "DXSDK", "{4F51B8F4-BED1-498D-A26D-94788246E8E4}"
EndProject
Project("{2150E333-8FDC-42A3-9474-1A3956D46DE8}") = "File system", "File system", "{1C00E2E9-3742-4E41-913F-1BBC241A9096}"
EndProject
Project("{2150E333-8FDC-42A3-9474-1A3956D46DE8}") = "D3D11", "D3D11", "{291F9497-5C19-44FB-B526-9D16DEB486D3}"
EndProject
Project("{2150E333-8FDC-42A3-9474-1A3956D46DE8}") = "Memory", "Memory", "{50C470C1-ABE6-4F98-8A29-FD0EE11B997B}"
EndProject
Project("{2150E333-8FDC-42A3-9474-1A3956D46DE8}") = "Compression", "Compression", "{6AD370CA-5EA2-4C55-9701-04EB4073BD9B}"
EndProject
Project("{2150E333-8FDC-42A3-9474-1A3956D46DE8}") = "Networking", "Networking", "{CC33A5A6-55DE-450B-8F0F-96386BE5C674}"
EndProject
Project("{2150E333-8FDC-42A3-9474-1A3956D46DE8}") = "GUI", "GUI", "{9796135C-28A5-43C9-83D4-A15A26E6ADD7}"
EndProject
Project("{2150E333-8FDC-42A3-9474-1A3956D46DE8}") = "Code", "Code", "{E38B091A-BF04-4317-88C3-636B7DA0DF74}"
	ProjectSection(SolutionItems) = preProject
		..\..\DevNotes\Code\3D_math.txt = ..\..\DevNotes\Code\3D_math.txt
		..\..\DevNotes\Code\excerpts from papers.txt = ..\..\DevNotes\Code\excerpts from papers.txt
		..\..\DevNotes\Code\FileWatch.cpp = ..\..\DevNotes\Code\FileWatch.cpp
		..\..\DevNotes\Code\FileWatch.h = ..\..\DevNotes\Code\FileWatch.h
		..\..\DevNotes\Code\ibr.fx = ..\..\DevNotes\Code\ibr.fx
		..\..\DevNotes\Code\NiStream.cpp = ..\..\DevNotes\Code\NiStream.cpp
		..\..\DevNotes\Code\NiStream.h = ..\..\DevNotes\Code\NiStream.h
		..\..\DevNotes\Code\NiStream.inl = ..\..\DevNotes\Code\NiStream.inl
		..\..\DevNotes\Code\procedural.txt = ..\..\DevNotes\Code\procedural.txt
		..\..\DevNotes\Code\SSAO.fx = ..\..\DevNotes\Code\SSAO.fx
		..\..\DevNotes\Code\swiped.txt = ..\..\DevNotes\Code\swiped.txt
	EndProjectSection
EndProject
Project("{2150E333-8FDC-42A3-9474-1A3956D46DE8}") = "Docs", "Docs", "{2725662B-31DE-4F66-BA7D-C11B66950176}"
	ProjectSection(SolutionItems) = preProject
		..\..\DevNotes\Docs\Build settings.txt = ..\..\DevNotes\Docs\Build settings.txt
		..\..\DevNotes\Docs\CodingConventions.txt = ..\..\DevNotes\Docs\CodingConventions.txt
		..\..\DevNotes\Docs\Conventions (info on the engine).txt = ..\..\DevNotes\Docs\Conventions (info on the engine).txt
		..\..\DevNotes\Docs\Dependencies.txt = ..\..\DevNotes\Docs\Dependencies.txt
		..\..\DevNotes\Docs\DesignNotes.txt = ..\..\DevNotes\Docs\DesignNotes.txt
	EndProjectSection
EndProject
Project("{8BC9CEB8-8B4A-11D0-8D11-00A0C91BC942}") = "Base", "Base.vcproj", "{FC82F022-B191-45E7-ACDC-C545DB7D90C0}"
EndProject
Project("{8BC9CEB8-8B4A-11D0-8D11-00A0C91BC942}") = "Core", "Core.vcproj", "{248DC4C2-EE6A-464A-99FD-D79235340CA6}"
	ProjectSection(ProjectDependencies) = postProject
		{FC82F022-B191-45E7-ACDC-C545DB7D90C0} = {FC82F022-B191-45E7-ACDC-C545DB7D90C0}
	EndProjectSection
EndProject
Project("{8BC9CEB8-8B4A-11D0-8D11-00A0C91BC942}") = "Driver", "Driver.vcproj", "{B7806919-47A8-4AF5-96A9-EB971C80B454}"
	ProjectSection(ProjectDependencies) = postProject
		{FC82F022-B191-45E7-ACDC-C545DB7D90C0} = {FC82F022-B191-45E7-ACDC-C545DB7D90C0}
		{248DC4C2-EE6A-464A-99FD-D79235340CA6} = {248DC4C2-EE6A-464A-99FD-D79235340CA6}
	EndProjectSection
EndProject
Project("{8BC9CEB8-8B4A-11D0-8D11-00A0C91BC942}") = "Engine", "Engine.vcproj", "{E42C2607-48E7-4F1A-B2C5-229B52C5B891}"
	ProjectSection(ProjectDependencies) = postProject
		{28DC861E-2696-4E0E-9A47-56CE57BAEF58} = {28DC861E-2696-4E0E-9A47-56CE57BAEF58}
		{FC82F022-B191-45E7-ACDC-C545DB7D90C0} = {FC82F022-B191-45E7-ACDC-C545DB7D90C0}
		{E672213E-93AB-4B99-AFAA-1AEDA3E4A7C7} = {E672213E-93AB-4B99-AFAA-1AEDA3E4A7C7}
		{41D9C647-C42D-4265-A174-CEC244D77E5A} = {41D9C647-C42D-4265-A174-CEC244D77E5A}
		{0B73099D-6467-492C-AE82-D601E73D8111} = {0B73099D-6467-492C-AE82-D601E73D8111}
		{248DC4C2-EE6A-464A-99FD-D79235340CA6} = {248DC4C2-EE6A-464A-99FD-D79235340CA6}
		{7D5FCFD3-BFB7-4BF7-8A5E-79876B86077A} = {7D5FCFD3-BFB7-4BF7-8A5E-79876B86077A}
	EndProjectSection
EndProject
Project("{8BC9CEB8-8B4A-11D0-8D11-00A0C91BC942}") = "Graphics", "Graphics.vcproj", "{E672213E-93AB-4B99-AFAA-1AEDA3E4A7C7}"
	ProjectSection(ProjectDependencies) = postProject
		{FC82F022-B191-45E7-ACDC-C545DB7D90C0} = {FC82F022-B191-45E7-ACDC-C545DB7D90C0}
		{41D9C647-C42D-4265-A174-CEC244D77E5A} = {41D9C647-C42D-4265-A174-CEC244D77E5A}
		{248DC4C2-EE6A-464A-99FD-D79235340CA6} = {248DC4C2-EE6A-464A-99FD-D79235340CA6}
	EndProjectSection
EndProject
Project("{8BC9CEB8-8B4A-11D0-8D11-00A0C91BC942}") = "LancherPC", "LauncherPC.vcproj", "{1CD089A8-2191-4250-B2DF-5F32CDD6F237}"
	ProjectSection(ProjectDependencies) = postProject
		{E42C2607-48E7-4F1A-B2C5-229B52C5B891} = {E42C2607-48E7-4F1A-B2C5-229B52C5B891}
		{B7806919-47A8-4AF5-96A9-EB971C80B454} = {B7806919-47A8-4AF5-96A9-EB971C80B454}
		{28DC861E-2696-4E0E-9A47-56CE57BAEF58} = {28DC861E-2696-4E0E-9A47-56CE57BAEF58}
		{FC82F022-B191-45E7-ACDC-C545DB7D90C0} = {FC82F022-B191-45E7-ACDC-C545DB7D90C0}
		{E672213E-93AB-4B99-AFAA-1AEDA3E4A7C7} = {E672213E-93AB-4B99-AFAA-1AEDA3E4A7C7}
		{41D9C647-C42D-4265-A174-CEC244D77E5A} = {41D9C647-C42D-4265-A174-CEC244D77E5A}
		{13DD0A7C-50D6-4F18-A784-19FEB7BB15CE} = {13DD0A7C-50D6-4F18-A784-19FEB7BB15CE}
		{0B73099D-6467-492C-AE82-D601E73D8111} = {0B73099D-6467-492C-AE82-D601E73D8111}
		{248DC4C2-EE6A-464A-99FD-D79235340CA6} = {248DC4C2-EE6A-464A-99FD-D79235340CA6}
		{7D5FCFD3-BFB7-4BF7-8A5E-79876B86077A} = {7D5FCFD3-BFB7-4BF7-8A5E-79876B86077A}
		{FB769DEF-9741-4A59-9B71-05C939AAB5A7} = {FB769DEF-9741-4A59-9B71-05C939AAB5A7}
	EndProjectSection
EndProject
Project("{8BC9CEB8-8B4A-11D0-8D11-00A0C91BC942}") = "Renderer", "Renderer.vcproj", "{28DC861E-2696-4E0E-9A47-56CE57BAEF58}"
	ProjectSection(ProjectDependencies) = postProject
		{FC82F022-B191-45E7-ACDC-C545DB7D90C0} = {FC82F022-B191-45E7-ACDC-C545DB7D90C0}
		{E672213E-93AB-4B99-AFAA-1AEDA3E4A7C7} = {E672213E-93AB-4B99-AFAA-1AEDA3E4A7C7}
		{248DC4C2-EE6A-464A-99FD-D79235340CA6} = {248DC4C2-EE6A-464A-99FD-D79235340CA6}
	EndProjectSection
EndProject
Project("{8BC9CEB8-8B4A-11D0-8D11-00A0C91BC942}") = "XNACollision", "..\..\ExtLibs\XNACollision\XNACollision.vcproj", "{41D9C647-C42D-4265-A174-CEC244D77E5A}"
EndProject
Project("{8BC9CEB8-8B4A-11D0-8D11-00A0C91BC942}") = "D3D11FontWrapper", "..\..\ExtLibs\DirectX\D3D11FontWrapper\D3D11FontWrapper.vcproj", "{FB769DEF-9741-4A59-9B71-05C939AAB5A7}"
EndProject
Project("{8BC9CEB8-8B4A-11D0-8D11-00A0C91BC942}") = "VPP_Viewer", "..\..\Tools\VPP_Viewer\VPP_Viewer.vcproj", "{69B13A53-940E-49C6-A53A-89AC3EF6A997}"
	ProjectSection(ProjectDependencies) = postProject
		{FC82F022-B191-45E7-ACDC-C545DB7D90C0} = {FC82F022-B191-45E7-ACDC-C545DB7D90C0}
		{248DC4C2-EE6A-464A-99FD-D79235340CA6} = {248DC4C2-EE6A-464A-99FD-D79235340CA6}
	EndProjectSection
EndProject
Project("{8BC9CEB8-8B4A-11D0-8D11-00A0C91BC942}") = "PackageBuilder", "..\..\Tools\PackageBuilder\PackageBuilder.vcproj", "{4F95D1C7-0958-412E-BED9-B30E391C8375}"
	ProjectSection(ProjectDependencies) = postProject
		{FC82F022-B191-45E7-ACDC-C545DB7D90C0} = {FC82F022-B191-45E7-ACDC-C545DB7D90C0}
		{248DC4C2-EE6A-464A-99FD-D79235340CA6} = {248DC4C2-EE6A-464A-99FD-D79235340CA6}
	EndProjectSection
EndProject
Project("{8BC9CEB8-8B4A-11D0-8D11-00A0C91BC942}") = "ShaderGen", "..\..\Tools\ShaderGen\ShaderGen.vcproj", "{5CB829D9-BA2D-4E71-8D51-8558DEBEAC92}"
EndProject
Project("{8BC9CEB8-8B4A-11D0-8D11-00A0C91BC942}") = "ShaderGenUI", "..\..\Tools\ShaderGenUI\ShaderGenUI.vcproj", "{EED1F22C-E742-431E-B669-F4F3B080CD5D}"
	ProjectSection(ProjectDependencies) = postProject
		{117B5FC7-F589-4234-B390-65E50D09EF58} = {117B5FC7-F589-4234-B390-65E50D09EF58}
		{5CB829D9-BA2D-4E71-8D51-8558DEBEAC92} = {5CB829D9-BA2D-4E71-8D51-8558DEBEAC92}
	EndProjectSection
EndProject
Project("{2150E333-8FDC-42A3-9474-1A3956D46DE8}") = "GUI", "GUI", "{5E2905A7-D0EE-4E6A-9827-13BBC03DA14F}"
EndProject
Project("{8BC9CEB8-8B4A-11D0-8D11-00A0C91BC942}") = "GUI", "GUI.vcproj", "{D96DA3C5-FB24-4B8B-A8E6-8D2FDE64BA54}"
	ProjectSection(ProjectDependencies) = postProject
		{FC82F022-B191-45E7-ACDC-C545DB7D90C0} = {FC82F022-B191-45E7-ACDC-C545DB7D90C0}
		{248DC4C2-EE6A-464A-99FD-D79235340CA6} = {248DC4C2-EE6A-464A-99FD-D79235340CA6}
	EndProjectSection
EndProject
Project("{8BC9CEB8-8B4A-11D0-8D11-00A0C91BC942}") = "AntTweakBar", "..\..\ExtLibs\gui\AntTweakBar_114\src\AntTweakBar.vcproj", "{B99E1FA1-C30A-45F2-9D57-9E9C21B2DF42}"
EndProject
Project("{8BC9CEB8-8B4A-11D0-8D11-00A0C91BC942}") = "QtSupport", "..\..\Tools\QtSupport\QtSupport.vcproj", "{117B5FC7-F589-4234-B390-65E50D09EF58}"
	ProjectSection(ProjectDependencies) = postProject
		{FC82F022-B191-45E7-ACDC-C545DB7D90C0} = {FC82F022-B191-45E7-ACDC-C545DB7D90C0}
		{248DC4C2-EE6A-464A-99FD-D79235340CA6} = {248DC4C2-EE6A-464A-99FD-D79235340CA6}
	EndProjectSection
EndProject
Project("{8BC9CEB8-8B4A-11D0-8D11-00A0C91BC942}") = "Physics", "Physics.vcproj", "{7D5FCFD3-BFB7-4BF7-8A5E-79876B86077A}"
	ProjectSection(ProjectDependencies) = postProject
		{FC82F022-B191-45E7-ACDC-C545DB7D90C0} = {FC82F022-B191-45E7-ACDC-C545DB7D90C0}
		{248DC4C2-EE6A-464A-99FD-D79235340CA6} = {248DC4C2-EE6A-464A-99FD-D79235340CA6}
	EndProjectSection
EndProject
Project("{8BC9CEB8-8B4A-11D0-8D11-00A0C91BC942}") = "BulletCollision", "..\..\ExtLibs\physics\bullet-2.79\msvc\vs2008\BulletCollision.vcproj", "{AAFB81AD-91DA-5146-A4B9-68E5706CB6C1}"
EndProject
Project("{8BC9CEB8-8B4A-11D0-8D11-00A0C91BC942}") = "LinearMath", "..\..\ExtLibs\physics\bullet-2.79\msvc\vs2008\LinearMath.vcproj", "{39DA351F-CA29-0A45-8F7E-94CFE6C2B7FE}"
EndProject
Project("{8BC9CEB8-8B4A-11D0-8D11-00A0C91BC942}") = "HACD", "..\..\ExtLibs\physics\bullet-2.79\msvc\vs2008\HACD.vcproj", "{8F971088-27E5-6D4B-A082-0549874EEB7E}"
EndProject
Project("{8BC9CEB8-8B4A-11D0-8D11-00A0C91BC942}") = "ConvexDecomposition", "..\..\ExtLibs\physics\bullet-2.79\msvc\vs2008\ConvexDecomposition.vcproj", "{11CB1820-CA91-2845-812E-A27CC54B350E}"
EndProject
Project("{8BC9CEB8-8B4A-11D0-8D11-00A0C91BC942}") = "BulletDynamics", "..\..\ExtLibs\physics\bullet-2.79\msvc\vs2008\BulletDynamics.vcproj", "{0A910B43-7E06-CB47-BC8F-EB1834836B67}"
EndProject
Project("{8BC9CEB8-8B4A-11D0-8D11-00A0C91BC942}") = "BulletSoftBody", "..\..\ExtLibs\physics\bullet-2.79\msvc\vs2008\BulletSoftBody.vcproj", "{99D9E780-C2A5-9645-9C99-6A921BAF6082}"
EndProject
Project("{8BC9CEB8-8B4A-11D0-8D11-00A0C91BC942}") = "BulletFileLoader", "..\..\ExtLibs\physics\bullet-2.79\msvc\vs2008\BulletFileLoader.vcproj", "{133474EC-AF76-1246-9CAA-FB4D0C2E2496}"
EndProject
Project("{8BC9CEB8-8B4A-11D0-8D11-00A0C91BC942}") = "BulletWorldImporter", "..\..\ExtLibs\physics\bullet-2.79\msvc\vs2008\BulletWorldImporter.vcproj", "{E099B129-8DE3-6F4C-9F37-EDAE2266FD34}"
EndProject
Project("{8BC9CEB8-8B4A-11D0-8D11-00A0C91BC942}") = "Audio", "Audio.vcproj", "{0B73099D-6467-492C-AE82-D601E73D8111}"
	ProjectSection(ProjectDependencies) = postProject
		{FC82F022-B191-45E7-ACDC-C545DB7D90C0} = {FC82F022-B191-45E7-ACDC-C545DB7D90C0}
		{248DC4C2-EE6A-464A-99FD-D79235340CA6} = {248DC4C2-EE6A-464A-99FD-D79235340CA6}
	EndProjectSection
EndProject
Project("{8BC9CEB8-8B4A-11D0-8D11-00A0C91BC942}") = "Game", "Game.vcproj", "{13DD0A7C-50D6-4F18-A784-19FEB7BB15CE}"
	ProjectSection(ProjectDependencies) = postProject
		{E42C2607-48E7-4F1A-B2C5-229B52C5B891} = {E42C2607-48E7-4F1A-B2C5-229B52C5B891}
		{B7806919-47A8-4AF5-96A9-EB971C80B454} = {B7806919-47A8-4AF5-96A9-EB971C80B454}
		{28DC861E-2696-4E0E-9A47-56CE57BAEF58} = {28DC861E-2696-4E0E-9A47-56CE57BAEF58}
		{FC82F022-B191-45E7-ACDC-C545DB7D90C0} = {FC82F022-B191-45E7-ACDC-C545DB7D90C0}
		{E672213E-93AB-4B99-AFAA-1AEDA3E4A7C7} = {E672213E-93AB-4B99-AFAA-1AEDA3E4A7C7}
		{41D9C647-C42D-4265-A174-CEC244D77E5A} = {41D9C647-C42D-4265-A174-CEC244D77E5A}
		{0B73099D-6467-492C-AE82-D601E73D8111} = {0B73099D-6467-492C-AE82-D601E73D8111}
		{248DC4C2-EE6A-464A-99FD-D79235340CA6} = {248DC4C2-EE6A-464A-99FD-D79235340CA6}
		{7D5FCFD3-BFB7-4BF7-8A5E-79876B86077A} = {7D5FCFD3-BFB7-4BF7-8A5E-79876B86077A}
		{FB769DEF-9741-4A59-9B71-05C939AAB5A7} = {FB769DEF-9741-4A59-9B71-05C939AAB5A7}
	EndProjectSection
EndProject
Project("{8BC9CEB8-8B4A-11D0-8D11-00A0C91BC942}") = "ScenePlayer", "..\..\Tools\ScenePlayer\ScenePlayer.vcproj", "{CEC82B71-2783-4328-8907-D649E3E25EED}"
EndProject
Project("{8BC9CEB8-8B4A-11D0-8D11-00A0C91BC942}") = "SceneViewer", "..\..\Tools\SceneViewer\SceneViewer.vcproj", "{BA3BB321-118C-4320-96E3-F25CEB5532C7}"
	ProjectSection(ProjectDependencies) = postProject
		{E42C2607-48E7-4F1A-B2C5-229B52C5B891} = {E42C2607-48E7-4F1A-B2C5-229B52C5B891}
		{B7806919-47A8-4AF5-96A9-EB971C80B454} = {B7806919-47A8-4AF5-96A9-EB971C80B454}
		{28DC861E-2696-4E0E-9A47-56CE57BAEF58} = {28DC861E-2696-4E0E-9A47-56CE57BAEF58}
		{FC82F022-B191-45E7-ACDC-C545DB7D90C0} = {FC82F022-B191-45E7-ACDC-C545DB7D90C0}
		{E672213E-93AB-4B99-AFAA-1AEDA3E4A7C7} = {E672213E-93AB-4B99-AFAA-1AEDA3E4A7C7}
		{41D9C647-C42D-4265-A174-CEC244D77E5A} = {41D9C647-C42D-4265-A174-CEC244D77E5A}
		{13DD0A7C-50D6-4F18-A784-19FEB7BB15CE} = {13DD0A7C-50D6-4F18-A784-19FEB7BB15CE}
		{0B73099D-6467-492C-AE82-D601E73D8111} = {0B73099D-6467-492C-AE82-D601E73D8111}
		{248DC4C2-EE6A-464A-99FD-D79235340CA6} = {248DC4C2-EE6A-464A-99FD-D79235340CA6}
		{7D5FCFD3-BFB7-4BF7-8A5E-79876B86077A} = {7D5FCFD3-BFB7-4BF7-8A5E-79876B86077A}
		{FB769DEF-9741-4A59-9B71-05C939AAB5A7} = {FB769DEF-9741-4A59-9B71-05C939AAB5A7}
	EndProjectSection
EndProject
Project("{8BC9CEB8-8B4A-11D0-8D11-00A0C91BC942}") = "ContentManager", "..\..\Tools\ContentManager\ContentManager.vcproj", "{F8263479-241C-4D50-B295-9999A39F944F}"
	ProjectSection(ProjectDependencies) = postProject
		{28DC861E-2696-4E0E-9A47-56CE57BAEF58} = {28DC861E-2696-4E0E-9A47-56CE57BAEF58}
		{FC82F022-B191-45E7-ACDC-C545DB7D90C0} = {FC82F022-B191-45E7-ACDC-C545DB7D90C0}
		{5F466E62-5C50-4F91-AAE6-3E246A5A9C95} = {5F466E62-5C50-4F91-AAE6-3E246A5A9C95}
		{248DC4C2-EE6A-464A-99FD-D79235340CA6} = {248DC4C2-EE6A-464A-99FD-D79235340CA6}
		{117B5FC7-F589-4234-B390-65E50D09EF58} = {117B5FC7-F589-4234-B390-65E50D09EF58}
	EndProjectSection
EndProject
Project("{8BC9CEB8-8B4A-11D0-8D11-00A0C91BC942}") = "EditorSupport", "EditorSupport.vcproj", "{5F466E62-5C50-4F91-AAE6-3E246A5A9C95}"
	ProjectSection(ProjectDependencies) = postProject
		{28DC861E-2696-4E0E-9A47-56CE57BAEF58} = {28DC861E-2696-4E0E-9A47-56CE57BAEF58}
		{FC82F022-B191-45E7-ACDC-C545DB7D90C0} = {FC82F022-B191-45E7-ACDC-C545DB7D90C0}
		{E672213E-93AB-4B99-AFAA-1AEDA3E4A7C7} = {E672213E-93AB-4B99-AFAA-1AEDA3E4A7C7}
		{248DC4C2-EE6A-464A-99FD-D79235340CA6} = {248DC4C2-EE6A-464A-99FD-D79235340CA6}
	EndProjectSection
EndProject
Project("{8BC9CEB8-8B4A-11D0-8D11-00A0C91BC942}") = "WorldEditor", "..\..\Tools\WorldEditor\WorldEditor.vcproj", "{7279CF71-BAE8-4CC2-9228-E6EAE785A1F6}"
	ProjectSection(ProjectDependencies) = postProject
		{E42C2607-48E7-4F1A-B2C5-229B52C5B891} = {E42C2607-48E7-4F1A-B2C5-229B52C5B891}
		{28DC861E-2696-4E0E-9A47-56CE57BAEF58} = {28DC861E-2696-4E0E-9A47-56CE57BAEF58}
		{FC82F022-B191-45E7-ACDC-C545DB7D90C0} = {FC82F022-B191-45E7-ACDC-C545DB7D90C0}
		{E672213E-93AB-4B99-AFAA-1AEDA3E4A7C7} = {E672213E-93AB-4B99-AFAA-1AEDA3E4A7C7}
		{41D9C647-C42D-4265-A174-CEC244D77E5A} = {41D9C647-C42D-4265-A174-CEC244D77E5A}
		{5F466E62-5C50-4F91-AAE6-3E246A5A9C95} = {5F466E62-5C50-4F91-AAE6-3E246A5A9C95}
		{248DC4C2-EE6A-464A-99FD-D79235340CA6} = {248DC4C2-EE6A-464A-99FD-D79235340CA6}
		{117B5FC7-F589-4234-B390-65E50D09EF58} = {117B5FC7-F589-4234-B390-65E50D09EF58}
		{FB769DEF-9741-4A59-9B71-05C939AAB5A7} = {FB769DEF-9741-4A59-9B71-05C939AAB5A7}
	EndProjectSection
EndProject
Project("{8BC9CEB8-8B4A-11D0-8D11-00A0C91BC942}") = "MaterialEditor", "..\..\Tools\MaterialEditor\MaterialEditor.vcproj", "{C4B8BC87-EF7A-48B5-9CA3-3FA4688B6F09}"
	ProjectSection(ProjectDependencies) = postProject
		{FC82F022-B191-45E7-ACDC-C545DB7D90C0} = {FC82F022-B191-45E7-ACDC-C545DB7D90C0}
		{5F466E62-5C50-4F91-AAE6-3E246A5A9C95} = {5F466E62-5C50-4F91-AAE6-3E246A5A9C95}
		{117B5FC7-F589-4234-B390-65E50D09EF58} = {117B5FC7-F589-4234-B390-65E50D09EF58}
	EndProjectSection
EndProject
Project("{8BC9CEB8-8B4A-11D0-8D11-00A0C91BC942}") = "Convert_DXSDK_Mesh_To_Static_Mesh", "..\..\Tools\Convert_DXSDK_Mesh_To_Static_Mesh\Convert_DXSDK_Mesh_To_Static_Mesh.vcproj", "{4551C711-2055-4639-9114-A9997111F16A}"
	ProjectSection(ProjectDependencies) = postProject
		{FC82F022-B191-45E7-ACDC-C545DB7D90C0} = {FC82F022-B191-45E7-ACDC-C545DB7D90C0}
		{5F466E62-5C50-4F91-AAE6-3E246A5A9C95} = {5F466E62-5C50-4F91-AAE6-3E246A5A9C95}
		{248DC4C2-EE6A-464A-99FD-D79235340CA6} = {248DC4C2-EE6A-464A-99FD-D79235340CA6}
	EndProjectSection
EndProject
Global
	GlobalSection(SolutionConfigurationPlatforms) = preSolution
		Debug|Win32 = Debug|Win32
		Debug|x64 = Debug|x64
		Release|Win32 = Release|Win32
		Release|x64 = Release|x64
	EndGlobalSection
	GlobalSection(ProjectConfigurationPlatforms) = postSolution
		{FC82F022-B191-45E7-ACDC-C545DB7D90C0}.Debug|Win32.ActiveCfg = Debug|Win32
		{FC82F022-B191-45E7-ACDC-C545DB7D90C0}.Debug|Win32.Build.0 = Debug|Win32
		{FC82F022-B191-45E7-ACDC-C545DB7D90C0}.Debug|x64.ActiveCfg = Debug|Win32
		{FC82F022-B191-45E7-ACDC-C545DB7D90C0}.Release|Win32.ActiveCfg = Release|Win32
		{FC82F022-B191-45E7-ACDC-C545DB7D90C0}.Release|Win32.Build.0 = Release|Win32
		{FC82F022-B191-45E7-ACDC-C545DB7D90C0}.Release|x64.ActiveCfg = Release|Win32
		{248DC4C2-EE6A-464A-99FD-D79235340CA6}.Debug|Win32.ActiveCfg = Debug|Win32
		{248DC4C2-EE6A-464A-99FD-D79235340CA6}.Debug|Win32.Build.0 = Debug|Win32
		{248DC4C2-EE6A-464A-99FD-D79235340CA6}.Debug|x64.ActiveCfg = Debug|Win32
		{248DC4C2-EE6A-464A-99FD-D79235340CA6}.Release|Win32.ActiveCfg = Release|Win32
		{248DC4C2-EE6A-464A-99FD-D79235340CA6}.Release|Win32.Build.0 = Release|Win32
		{248DC4C2-EE6A-464A-99FD-D79235340CA6}.Release|x64.ActiveCfg = Release|Win32
		{B7806919-47A8-4AF5-96A9-EB971C80B454}.Debug|Win32.ActiveCfg = Debug|Win32
		{B7806919-47A8-4AF5-96A9-EB971C80B454}.Debug|Win32.Build.0 = Debug|Win32
		{B7806919-47A8-4AF5-96A9-EB971C80B454}.Debug|x64.ActiveCfg = Debug|Win32
		{B7806919-47A8-4AF5-96A9-EB971C80B454}.Release|Win32.ActiveCfg = Release|Win32
		{B7806919-47A8-4AF5-96A9-EB971C80B454}.Release|Win32.Build.0 = Release|Win32
		{B7806919-47A8-4AF5-96A9-EB971C80B454}.Release|x64.ActiveCfg = Release|Win32
		{E42C2607-48E7-4F1A-B2C5-229B52C5B891}.Debug|Win32.ActiveCfg = Debug|Win32
		{E42C2607-48E7-4F1A-B2C5-229B52C5B891}.Debug|Win32.Build.0 = Debug|Win32
		{E42C2607-48E7-4F1A-B2C5-229B52C5B891}.Debug|x64.ActiveCfg = Debug|Win32
		{E42C2607-48E7-4F1A-B2C5-229B52C5B891}.Release|Win32.ActiveCfg = Release|Win32
		{E42C2607-48E7-4F1A-B2C5-229B52C5B891}.Release|Win32.Build.0 = Release|Win32
		{E42C2607-48E7-4F1A-B2C5-229B52C5B891}.Release|x64.ActiveCfg = Release|Win32
		{E672213E-93AB-4B99-AFAA-1AEDA3E4A7C7}.Debug|Win32.ActiveCfg = Debug|Win32
		{E672213E-93AB-4B99-AFAA-1AEDA3E4A7C7}.Debug|Win32.Build.0 = Debug|Win32
		{E672213E-93AB-4B99-AFAA-1AEDA3E4A7C7}.Debug|x64.ActiveCfg = Debug|Win32
		{E672213E-93AB-4B99-AFAA-1AEDA3E4A7C7}.Release|Win32.ActiveCfg = Release|Win32
		{E672213E-93AB-4B99-AFAA-1AEDA3E4A7C7}.Release|Win32.Build.0 = Release|Win32
		{E672213E-93AB-4B99-AFAA-1AEDA3E4A7C7}.Release|x64.ActiveCfg = Release|Win32
		{1CD089A8-2191-4250-B2DF-5F32CDD6F237}.Debug|Win32.ActiveCfg = Debug|Win32
		{1CD089A8-2191-4250-B2DF-5F32CDD6F237}.Debug|Win32.Build.0 = Debug|Win32
		{1CD089A8-2191-4250-B2DF-5F32CDD6F237}.Debug|x64.ActiveCfg = Debug|Win32
		{1CD089A8-2191-4250-B2DF-5F32CDD6F237}.Release|Win32.ActiveCfg = Release|Win32
		{1CD089A8-2191-4250-B2DF-5F32CDD6F237}.Release|Win32.Build.0 = Release|Win32
		{1CD089A8-2191-4250-B2DF-5F32CDD6F237}.Release|x64.ActiveCfg = Release|Win32
		{28DC861E-2696-4E0E-9A47-56CE57BAEF58}.Debug|Win32.ActiveCfg = Debug|Win32
		{28DC861E-2696-4E0E-9A47-56CE57BAEF58}.Debug|Win32.Build.0 = Debug|Win32
		{28DC861E-2696-4E0E-9A47-56CE57BAEF58}.Debug|x64.ActiveCfg = Debug|Win32
		{28DC861E-2696-4E0E-9A47-56CE57BAEF58}.Release|Win32.ActiveCfg = Release|Win32
		{28DC861E-2696-4E0E-9A47-56CE57BAEF58}.Release|Win32.Build.0 = Release|Win32
		{28DC861E-2696-4E0E-9A47-56CE57BAEF58}.Release|x64.ActiveCfg = Release|Win32
		{41D9C647-C42D-4265-A174-CEC244D77E5A}.Debug|Win32.ActiveCfg = Debug|Win32
		{41D9C647-C42D-4265-A174-CEC244D77E5A}.Debug|Win32.Build.0 = Debug|Win32
		{41D9C647-C42D-4265-A174-CEC244D77E5A}.Debug|x64.ActiveCfg = Debug|Win32
		{41D9C647-C42D-4265-A174-CEC244D77E5A}.Release|Win32.ActiveCfg = Release|Win32
		{41D9C647-C42D-4265-A174-CEC244D77E5A}.Release|Win32.Build.0 = Release|Win32
		{41D9C647-C42D-4265-A174-CEC244D77E5A}.Release|x64.ActiveCfg = Release|Win32
		{FB769DEF-9741-4A59-9B71-05C939AAB5A7}.Debug|Win32.ActiveCfg = Debug|Win32
		{FB769DEF-9741-4A59-9B71-05C939AAB5A7}.Debug|Win32.Build.0 = Debug|Win32
		{FB769DEF-9741-4A59-9B71-05C939AAB5A7}.Debug|x64.ActiveCfg = Debug|Win32
		{FB769DEF-9741-4A59-9B71-05C939AAB5A7}.Release|Win32.ActiveCfg = Release|Win32
		{FB769DEF-9741-4A59-9B71-05C939AAB5A7}.Release|Win32.Build.0 = Release|Win32
		{FB769DEF-9741-4A59-9B71-05C939AAB5A7}.Release|x64.ActiveCfg = Release|Win32
		{69B13A53-940E-49C6-A53A-89AC3EF6A997}.Debug|Win32.ActiveCfg = Debug|Win32
		{69B13A53-940E-49C6-A53A-89AC3EF6A997}.Debug|Win32.Build.0 = Debug|Win32
		{69B13A53-940E-49C6-A53A-89AC3EF6A997}.Debug|x64.ActiveCfg = Debug|Win32
		{69B13A53-940E-49C6-A53A-89AC3EF6A997}.Release|Win32.ActiveCfg = Release|Win32
		{69B13A53-940E-49C6-A53A-89AC3EF6A997}.Release|Win32.Build.0 = Release|Win32
		{69B13A53-940E-49C6-A53A-89AC3EF6A997}.Release|x64.ActiveCfg = Release|Win32
		{4F95D1C7-0958-412E-BED9-B30E391C8375}.Debug|Win32.ActiveCfg = Debug|Win32
		{4F95D1C7-0958-412E-BED9-B30E391C8375}.Debug|Win32.Build.0 = Debug|Win32
		{4F95D1C7-0958-412E-BED9-B30E391C8375}.Debug|x64.ActiveCfg = Debug|Win32
		{4F95D1C7-0958-412E-BED9-B30E391C8375}.Release|Win32.ActiveCfg = Release|Win32
		{4F95D1C7-0958-412E-BED9-B30E391C8375}.Release|Win32.Build.0 = Release|Win32
		{4F95D1C7-0958-412E-BED9-B30E391C8375}.Release|x64.ActiveCfg = Release|Win32
		{5CB829D9-BA2D-4E71-8D51-8558DEBEAC92}.Debug|Win32.ActiveCfg = Debug|Win32
		{5CB829D9-BA2D-4E71-8D51-8558DEBEAC92}.Debug|Win32.Build.0 = Debug|Win32
		{5CB829D9-BA2D-4E71-8D51-8558DEBEAC92}.Debug|x64.ActiveCfg = Debug|Win32
		{5CB829D9-BA2D-4E71-8D51-8558DEBEAC92}.Release|Win32.ActiveCfg = Release|Win32
		{5CB829D9-BA2D-4E71-8D51-8558DEBEAC92}.Release|Win32.Build.0 = Release|Win32
		{5CB829D9-BA2D-4E71-8D51-8558DEBEAC92}.Release|x64.ActiveCfg = Release|Win32
		{EED1F22C-E742-431E-B669-F4F3B080CD5D}.Debug|Win32.ActiveCfg = Debug|Win32
		{EED1F22C-E742-431E-B669-F4F3B080CD5D}.Debug|Win32.Build.0 = Debug|Win32
		{EED1F22C-E742-431E-B669-F4F3B080CD5D}.Debug|x64.ActiveCfg = Debug|Win32
		{EED1F22C-E742-431E-B669-F4F3B080CD5D}.Release|Win32.ActiveCfg = Release|Win32
		{EED1F22C-E742-431E-B669-F4F3B080CD5D}.Release|Win32.Build.0 = Release|Win32
		{EED1F22C-E742-431E-B669-F4F3B080CD5D}.Release|x64.ActiveCfg = Release|Win32
		{D96DA3C5-FB24-4B8B-A8E6-8D2FDE64BA54}.Debug|Win32.ActiveCfg = Debug|Win32
		{D96DA3C5-FB24-4B8B-A8E6-8D2FDE64BA54}.Debug|Win32.Build.0 = Debug|Win32
		{D96DA3C5-FB24-4B8B-A8E6-8D2FDE64BA54}.Debug|x64.ActiveCfg = Debug|Win32
		{D96DA3C5-FB24-4B8B-A8E6-8D2FDE64BA54}.Release|Win32.ActiveCfg = Release|Win32
		{D96DA3C5-FB24-4B8B-A8E6-8D2FDE64BA54}.Release|Win32.Build.0 = Release|Win32
		{D96DA3C5-FB24-4B8B-A8E6-8D2FDE64BA54}.Release|x64.ActiveCfg = Release|Win32
		{B99E1FA1-C30A-45F2-9D57-9E9C21B2DF42}.Debug|Win32.ActiveCfg = Debug|Win32
		{B99E1FA1-C30A-45F2-9D57-9E9C21B2DF42}.Debug|Win32.Build.0 = Debug|Win32
		{B99E1FA1-C30A-45F2-9D57-9E9C21B2DF42}.Debug|x64.ActiveCfg = Debug|x64
		{B99E1FA1-C30A-45F2-9D57-9E9C21B2DF42}.Debug|x64.Build.0 = Debug|x64
		{B99E1FA1-C30A-45F2-9D57-9E9C21B2DF42}.Release|Win32.ActiveCfg = Release|Win32
		{B99E1FA1-C30A-45F2-9D57-9E9C21B2DF42}.Release|Win32.Build.0 = Release|Win32
		{B99E1FA1-C30A-45F2-9D57-9E9C21B2DF42}.Release|x64.ActiveCfg = Release|x64
		{B99E1FA1-C30A-45F2-9D57-9E9C21B2DF42}.Release|x64.Build.0 = Release|x64
		{117B5FC7-F589-4234-B390-65E50D09EF58}.Debug|Win32.ActiveCfg = Debug|Win32
		{117B5FC7-F589-4234-B390-65E50D09EF58}.Debug|Win32.Build.0 = Debug|Win32
		{117B5FC7-F589-4234-B390-65E50D09EF58}.Debug|x64.ActiveCfg = Debug|Win32
		{117B5FC7-F589-4234-B390-65E50D09EF58}.Release|Win32.ActiveCfg = Release|Win32
		{117B5FC7-F589-4234-B390-65E50D09EF58}.Release|Win32.Build.0 = Release|Win32
		{117B5FC7-F589-4234-B390-65E50D09EF58}.Release|x64.ActiveCfg = Release|Win32
		{7D5FCFD3-BFB7-4BF7-8A5E-79876B86077A}.Debug|Win32.ActiveCfg = Debug|Win32
		{7D5FCFD3-BFB7-4BF7-8A5E-79876B86077A}.Debug|Win32.Build.0 = Debug|Win32
		{7D5FCFD3-BFB7-4BF7-8A5E-79876B86077A}.Debug|x64.ActiveCfg = Debug|Win32
		{7D5FCFD3-BFB7-4BF7-8A5E-79876B86077A}.Release|Win32.ActiveCfg = Release|Win32
		{7D5FCFD3-BFB7-4BF7-8A5E-79876B86077A}.Release|Win32.Build.0 = Release|Win32
		{7D5FCFD3-BFB7-4BF7-8A5E-79876B86077A}.Release|x64.ActiveCfg = Release|Win32
		{AAFB81AD-91DA-5146-A4B9-68E5706CB6C1}.Debug|Win32.ActiveCfg = Debug|Win32
		{AAFB81AD-91DA-5146-A4B9-68E5706CB6C1}.Debug|Win32.Build.0 = Debug|Win32
		{AAFB81AD-91DA-5146-A4B9-68E5706CB6C1}.Debug|x64.ActiveCfg = Debug|Win32
		{AAFB81AD-91DA-5146-A4B9-68E5706CB6C1}.Release|Win32.ActiveCfg = Release|Win32
		{AAFB81AD-91DA-5146-A4B9-68E5706CB6C1}.Release|Win32.Build.0 = Release|Win32
		{AAFB81AD-91DA-5146-A4B9-68E5706CB6C1}.Release|x64.ActiveCfg = Release|Win32
		{39DA351F-CA29-0A45-8F7E-94CFE6C2B7FE}.Debug|Win32.ActiveCfg = Debug|Win32
		{39DA351F-CA29-0A45-8F7E-94CFE6C2B7FE}.Debug|Win32.Build.0 = Debug|Win32
		{39DA351F-CA29-0A45-8F7E-94CFE6C2B7FE}.Debug|x64.ActiveCfg = Debug|Win32
		{39DA351F-CA29-0A45-8F7E-94CFE6C2B7FE}.Release|Win32.ActiveCfg = Release|Win32
		{39DA351F-CA29-0A45-8F7E-94CFE6C2B7FE}.Release|Win32.Build.0 = Release|Win32
		{39DA351F-CA29-0A45-8F7E-94CFE6C2B7FE}.Release|x64.ActiveCfg = Release|Win32
		{8F971088-27E5-6D4B-A082-0549874EEB7E}.Debug|Win32.ActiveCfg = Debug|Win32
		{8F971088-27E5-6D4B-A082-0549874EEB7E}.Debug|Win32.Build.0 = Debug|Win32
		{8F971088-27E5-6D4B-A082-0549874EEB7E}.Debug|x64.ActiveCfg = Debug|x64
		{8F971088-27E5-6D4B-A082-0549874EEB7E}.Debug|x64.Build.0 = Debug|x64
		{8F971088-27E5-6D4B-A082-0549874EEB7E}.Release|Win32.ActiveCfg = Release|Win32
		{8F971088-27E5-6D4B-A082-0549874EEB7E}.Release|Win32.Build.0 = Release|Win32
		{8F971088-27E5-6D4B-A082-0549874EEB7E}.Release|x64.ActiveCfg = Release|x64
		{8F971088-27E5-6D4B-A082-0549874EEB7E}.Release|x64.Build.0 = Release|x64
		{11CB1820-CA91-2845-812E-A27CC54B350E}.Debug|Win32.ActiveCfg = Debug|Win32
		{11CB1820-CA91-2845-812E-A27CC54B350E}.Debug|Win32.Build.0 = Debug|Win32
		{11CB1820-CA91-2845-812E-A27CC54B350E}.Debug|x64.ActiveCfg = Debug|x64
		{11CB1820-CA91-2845-812E-A27CC54B350E}.Debug|x64.Build.0 = Debug|x64
		{11CB1820-CA91-2845-812E-A27CC54B350E}.Release|Win32.ActiveCfg = Release|Win32
		{11CB1820-CA91-2845-812E-A27CC54B350E}.Release|Win32.Build.0 = Release|Win32
		{11CB1820-CA91-2845-812E-A27CC54B350E}.Release|x64.ActiveCfg = Release|x64
		{11CB1820-CA91-2845-812E-A27CC54B350E}.Release|x64.Build.0 = Release|x64
		{0A910B43-7E06-CB47-BC8F-EB1834836B67}.Debug|Win32.ActiveCfg = Debug|Win32
		{0A910B43-7E06-CB47-BC8F-EB1834836B67}.Debug|Win32.Build.0 = Debug|Win32
		{0A910B43-7E06-CB47-BC8F-EB1834836B67}.Debug|x64.ActiveCfg = Debug|Win32
		{0A910B43-7E06-CB47-BC8F-EB1834836B67}.Release|Win32.ActiveCfg = Release|Win32
		{0A910B43-7E06-CB47-BC8F-EB1834836B67}.Release|Win32.Build.0 = Release|Win32
		{0A910B43-7E06-CB47-BC8F-EB1834836B67}.Release|x64.ActiveCfg = Release|Win32
		{99D9E780-C2A5-9645-9C99-6A921BAF6082}.Debug|Win32.ActiveCfg = Debug|Win32
		{99D9E780-C2A5-9645-9C99-6A921BAF6082}.Debug|Win32.Build.0 = Debug|Win32
		{99D9E780-C2A5-9645-9C99-6A921BAF6082}.Debug|x64.ActiveCfg = Debug|x64
		{99D9E780-C2A5-9645-9C99-6A921BAF6082}.Debug|x64.Build.0 = Debug|x64
		{99D9E780-C2A5-9645-9C99-6A921BAF6082}.Release|Win32.ActiveCfg = Release|Win32
		{99D9E780-C2A5-9645-9C99-6A921BAF6082}.Release|Win32.Build.0 = Release|Win32
		{99D9E780-C2A5-9645-9C99-6A921BAF6082}.Release|x64.ActiveCfg = Release|x64
		{99D9E780-C2A5-9645-9C99-6A921BAF6082}.Release|x64.Build.0 = Release|x64
		{133474EC-AF76-1246-9CAA-FB4D0C2E2496}.Debug|Win32.ActiveCfg = Debug|Win32
		{133474EC-AF76-1246-9CAA-FB4D0C2E2496}.Debug|Win32.Build.0 = Debug|Win32
		{133474EC-AF76-1246-9CAA-FB4D0C2E2496}.Debug|x64.ActiveCfg = Debug|x64
		{133474EC-AF76-1246-9CAA-FB4D0C2E2496}.Debug|x64.Build.0 = Debug|x64
		{133474EC-AF76-1246-9CAA-FB4D0C2E2496}.Release|Win32.ActiveCfg = Release|Win32
		{133474EC-AF76-1246-9CAA-FB4D0C2E2496}.Release|Win32.Build.0 = Release|Win32
		{133474EC-AF76-1246-9CAA-FB4D0C2E2496}.Release|x64.ActiveCfg = Release|x64
		{133474EC-AF76-1246-9CAA-FB4D0C2E2496}.Release|x64.Build.0 = Release|x64
		{E099B129-8DE3-6F4C-9F37-EDAE2266FD34}.Debug|Win32.ActiveCfg = Debug|Win32
		{E099B129-8DE3-6F4C-9F37-EDAE2266FD34}.Debug|Win32.Build.0 = Debug|Win32
		{E099B129-8DE3-6F4C-9F37-EDAE2266FD34}.Debug|x64.ActiveCfg = Debug|x64
		{E099B129-8DE3-6F4C-9F37-EDAE2266FD34}.Debug|x64.Build.0 = Debug|x64
		{E099B129-8DE3-6F4C-9F37-EDAE2266FD34}.Release|Win32.ActiveCfg = Release|Win32
		{E099B129-8DE3-6F4C-9F37-EDAE2266FD34}.Release|Win32.Build.0 = Release|Win32
		{E099B129-8DE3-6F4C-9F37-EDAE2266FD34}.Release|x64.ActiveCfg = Release|x64
		{E099B129-8DE3-6F4C-9F37-EDAE2266FD34}.Release|x64.Build.0 = Release|x64
		{0B73099D-6467-492C-AE82-D601E73D8111}.Debug|Win32.ActiveCfg = Debug|Win32
		{0B73099D-6467-492C-AE82-D601E73D8111}.Debug|Win32.Build.0 = Debug|Win32
		{0B73099D-6467-492C-AE82-D601E73D8111}.Debug|x64.ActiveCfg = Debug|Win32
		{0B73099D-6467-492C-AE82-D601E73D8111}.Release|Win32.ActiveCfg = Release|Win32
		{0B73099D-6467-492C-AE82-D601E73D8111}.Release|Win32.Build.0 = Release|Win32
		{0B73099D-6467-492C-AE82-D601E73D8111}.Release|x64.ActiveCfg = Release|Win32
		{13DD0A7C-50D6-4F18-A784-19FEB7BB15CE}.Debug|Win32.ActiveCfg = Debug|Win32
		{13DD0A7C-50D6-4F18-A784-19FEB7BB15CE}.Debug|Win32.Build.0 = Debug|Win32
		{13DD0A7C-50D6-4F18-A784-19FEB7BB15CE}.Debug|x64.ActiveCfg = Debug|Win32
		{13DD0A7C-50D6-4F18-A784-19FEB7BB15CE}.Release|Win32.ActiveCfg = Release|Win32
		{13DD0A7C-50D6-4F18-A784-19FEB7BB15CE}.Release|Win32.Build.0 = Release|Win32
		{13DD0A7C-50D6-4F18-A784-19FEB7BB15CE}.Release|x64.ActiveCfg = Release|Win32
		{CEC82B71-2783-4328-8907-D649E3E25EED}.Debug|Win32.ActiveCfg = Debug|Win32
		{CEC82B71-2783-4328-8907-D649E3E25EED}.Debug|Win32.Build.0 = Debug|Win32
		{CEC82B71-2783-4328-8907-D649E3E25EED}.Debug|x64.ActiveCfg = Debug|Win32
		{CEC82B71-2783-4328-8907-D649E3E25EED}.Release|Win32.ActiveCfg = Release|Win32
		{CEC82B71-2783-4328-8907-D649E3E25EED}.Release|Win32.Build.0 = Release|Win32
		{CEC82B71-2783-4328-8907-D649E3E25EED}.Release|x64.ActiveCfg = Release|Win32
		{BA3BB321-118C-4320-96E3-F25CEB5532C7}.Debug|Win32.ActiveCfg = Debug|Win32
		{BA3BB321-118C-4320-96E3-F25CEB5532C7}.Debug|Win32.Build.0 = Debug|Win32
		{BA3BB321-118C-4320-96E3-F25CEB5532C7}.Debug|x64.ActiveCfg = Debug|Win32
		{BA3BB321-118C-4320-96E3-F25CEB5532C7}.Release|Win32.ActiveCfg = Release|Win32
		{BA3BB321-118C-4320-96E3-F25CEB5532C7}.Release|Win32.Build.0 = Release|Win32
		{BA3BB321-118C-4320-96E3-F25CEB5532C7}.Release|x64.ActiveCfg = Release|Win32
		{F8263479-241C-4D50-B295-9999A39F944F}.Debug|Win32.ActiveCfg = Debug|Win32
		{F8263479-241C-4D50-B295-9999A39F944F}.Debug|Win32.Build.0 = Debug|Win32
		{F8263479-241C-4D50-B295-9999A39F944F}.Debug|x64.ActiveCfg = Debug|Win32
		{F8263479-241C-4D50-B295-9999A39F944F}.Release|Win32.ActiveCfg = Release|Win32
		{F8263479-241C-4D50-B295-9999A39F944F}.Release|Win32.Build.0 = Release|Win32
		{F8263479-241C-4D50-B295-9999A39F944F}.Release|x64.ActiveCfg = Release|Win32
		{5F466E62-5C50-4F91-AAE6-3E246A5A9C95}.Debug|Win32.ActiveCfg = Debug|Win32
		{5F466E62-5C50-4F91-AAE6-3E246A5A9C95}.Debug|Win32.Build.0 = Debug|Win32
		{5F466E62-5C50-4F91-AAE6-3E246A5A9C95}.Debug|x64.ActiveCfg = Debug|Win32
		{5F466E62-5C50-4F91-AAE6-3E246A5A9C95}.Release|Win32.ActiveCfg = Release|Win32
		{5F466E62-5C50-4F91-AAE6-3E246A5A9C95}.Release|Win32.Build.0 = Release|Win32
		{5F466E62-5C50-4F91-AAE6-3E246A5A9C95}.Release|x64.ActiveCfg = Release|Win32
		{7279CF71-BAE8-4CC2-9228-E6EAE785A1F6}.Debug|Win32.ActiveCfg = Debug|Win32
		{7279CF71-BAE8-4CC2-9228-E6EAE785A1F6}.Debug|Win32.Build.0 = Debug|Win32
		{7279CF71-BAE8-4CC2-9228-E6EAE785A1F6}.Debug|x64.ActiveCfg = Debug|Win32
		{7279CF71-BAE8-4CC2-9228-E6EAE785A1F6}.Release|Win32.ActiveCfg = Release|Win32
		{7279CF71-BAE8-4CC2-9228-E6EAE785A1F6}.Release|Win32.Build.0 = Release|Win32
		{7279CF71-BAE8-4CC2-9228-E6EAE785A1F6}.Release|x64.ActiveCfg = Release|Win32
		{C4B8BC87-EF7A-48B5-9CA3-3FA4688B6F09}.Debug|Win32.ActiveCfg = Debug|Win32
		{C4B8BC87-EF7A-48B5-9CA3-3FA4688B6F09}.Debug|Win32.Build.0 = Debug|Win32
		{C4B8BC87-EF7A-48B5-9CA3-3FA4688B6F09}.Debug|x64.ActiveCfg = Debug|Win32
		{C4B8BC87-EF7A-48B5-9CA3-3FA4688B6F09}.Release|Win32.ActiveCfg = Release|Win32
		{C4B8BC87-EF7A-48B5-9CA3-3FA4688B6F09}.Release|Win32.Build.0 = Release|Win32
		{C4B8BC87-EF7A-48B5-9CA3-3FA4688B6F09}.Release|x64.ActiveCfg = Release|Win32
		{4551C711-2055-4639-9114-A9997111F16A}.Debug|Win32.ActiveCfg = Debug|Win32
		{4551C711-2055-4639-9114-A9997111F16A}.Debug|Win32.Build.0 = Debug|Win32
		{4551C711-2055-4639-9114-A9997111F16A}.Debug|x64.ActiveCfg = Debug|Win32
		{4551C711-2055-4639-9114-A9997111F16A}.Release|Win32.ActiveCfg = Release|Win32
		{4551C711-2055-4639-9114-A9997111F16A}.Release|Win32.Build.0 = Release|Win32
		{4551C711-2055-4639-9114-A9997111F16A}.Release|x64.ActiveCfg = Release|Win32
	EndGlobalSection
	GlobalSection(SolutionProperties) = preSolution
		HideSolutionNode = FALSE
	EndGlobalSection
	GlobalSection(NestedProjects) = preSolution
		{69B13A53-940E-49C6-A53A-89AC3EF6A997} = {4802DA09-9A90-48F2-9F89-D9B2D55154EC}
		{4F95D1C7-0958-412E-BED9-B30E391C8375} = {4802DA09-9A90-48F2-9F89-D9B2D55154EC}
		{5CB829D9-BA2D-4E71-8D51-8558DEBEAC92} = {4802DA09-9A90-48F2-9F89-D9B2D55154EC}
		{EED1F22C-E742-431E-B669-F4F3B080CD5D} = {4802DA09-9A90-48F2-9F89-D9B2D55154EC}
		{117B5FC7-F589-4234-B390-65E50D09EF58} = {4802DA09-9A90-48F2-9F89-D9B2D55154EC}
		{CEC82B71-2783-4328-8907-D649E3E25EED} = {4802DA09-9A90-48F2-9F89-D9B2D55154EC}
		{BA3BB321-118C-4320-96E3-F25CEB5532C7} = {4802DA09-9A90-48F2-9F89-D9B2D55154EC}
		{F8263479-241C-4D50-B295-9999A39F944F} = {4802DA09-9A90-48F2-9F89-D9B2D55154EC}
		{7279CF71-BAE8-4CC2-9228-E6EAE785A1F6} = {4802DA09-9A90-48F2-9F89-D9B2D55154EC}
		{C4B8BC87-EF7A-48B5-9CA3-3FA4688B6F09} = {4802DA09-9A90-48F2-9F89-D9B2D55154EC}
		{4551C711-2055-4639-9114-A9997111F16A} = {4802DA09-9A90-48F2-9F89-D9B2D55154EC}
		{FC82F022-B191-45E7-ACDC-C545DB7D90C0} = {85C1B6CB-7016-484B-96B6-FB16FD013B2E}
		{248DC4C2-EE6A-464A-99FD-D79235340CA6} = {85C1B6CB-7016-484B-96B6-FB16FD013B2E}
		{B7806919-47A8-4AF5-96A9-EB971C80B454} = {85C1B6CB-7016-484B-96B6-FB16FD013B2E}
		{E42C2607-48E7-4F1A-B2C5-229B52C5B891} = {85C1B6CB-7016-484B-96B6-FB16FD013B2E}
		{E672213E-93AB-4B99-AFAA-1AEDA3E4A7C7} = {85C1B6CB-7016-484B-96B6-FB16FD013B2E}
		{1CD089A8-2191-4250-B2DF-5F32CDD6F237} = {85C1B6CB-7016-484B-96B6-FB16FD013B2E}
		{28DC861E-2696-4E0E-9A47-56CE57BAEF58} = {85C1B6CB-7016-484B-96B6-FB16FD013B2E}
		{D96DA3C5-FB24-4B8B-A8E6-8D2FDE64BA54} = {85C1B6CB-7016-484B-96B6-FB16FD013B2E}
		{7D5FCFD3-BFB7-4BF7-8A5E-79876B86077A} = {85C1B6CB-7016-484B-96B6-FB16FD013B2E}
		{0B73099D-6467-492C-AE82-D601E73D8111} = {85C1B6CB-7016-484B-96B6-FB16FD013B2E}
		{13DD0A7C-50D6-4F18-A784-19FEB7BB15CE} = {85C1B6CB-7016-484B-96B6-FB16FD013B2E}
		{5F466E62-5C50-4F91-AAE6-3E246A5A9C95} = {85C1B6CB-7016-484B-96B6-FB16FD013B2E}
		{9796135C-28A5-43C9-83D4-A15A26E6ADD7} = {7143B152-6389-4BAB-BD7A-E0D38DC6D2AE}
		{E38B091A-BF04-4317-88C3-636B7DA0DF74} = {2A348522-0343-4070-B8FB-2548993F7BD2}
		{2725662B-31DE-4F66-BA7D-C11B66950176} = {2A348522-0343-4070-B8FB-2548993F7BD2}
		{FDDA5F9E-E7C9-4881-A391-67EE5380B812} = {F76A7906-A952-490B-BDEF-1BFD8D7D9C5D}
		{4F51B8F4-BED1-498D-A26D-94788246E8E4} = {F76A7906-A952-490B-BDEF-1BFD8D7D9C5D}
		{1C00E2E9-3742-4E41-913F-1BBC241A9096} = {F76A7906-A952-490B-BDEF-1BFD8D7D9C5D}
		{291F9497-5C19-44FB-B526-9D16DEB486D3} = {F76A7906-A952-490B-BDEF-1BFD8D7D9C5D}
		{50C470C1-ABE6-4F98-8A29-FD0EE11B997B} = {F76A7906-A952-490B-BDEF-1BFD8D7D9C5D}
		{6AD370CA-5EA2-4C55-9701-04EB4073BD9B} = {F76A7906-A952-490B-BDEF-1BFD8D7D9C5D}
		{CC33A5A6-55DE-450B-8F0F-96386BE5C674} = {F76A7906-A952-490B-BDEF-1BFD8D7D9C5D}
		{5E2905A7-D0EE-4E6A-9827-13BBC03DA14F} = {F76A7906-A952-490B-BDEF-1BFD8D7D9C5D}
		{AAFB81AD-91DA-5146-A4B9-68E5706CB6C1} = {FDDA5F9E-E7C9-4881-A391-67EE5380B812}
		{39DA351F-CA29-0A45-8F7E-94CFE6C2B7FE} = {FDDA5F9E-E7C9-4881-A391-67EE5380B812}
		{8F971088-27E5-6D4B-A082-0549874EEB7E} = {FDDA5F9E-E7C9-4881-A391-67EE5380B812}
		{11CB1820-CA91-2845-812E-A27CC54B350E} = {FDDA5F9E-E7C9-4881-A391-67EE5380B812}
		{0A910B43-7E06-CB47-BC8F-EB1834836B67} = {FDDA5F9E-E7C9-4881-A391-67EE5380B812}
		{99D9E780-C2A5-9645-9C99-6A921BAF6082} = {FDDA5F9E-E7C9-4881-A391-67EE5380B812}
		{133474EC-AF76-1246-9CAA-FB4D0C2E2496} = {FDDA5F9E-E7C9-4881-A391-67EE5380B812}
		{E099B129-8DE3-6F4C-9F37-EDAE2266FD34} = {FDDA5F9E-E7C9-4881-A391-67EE5380B812}
		{41D9C647-C42D-4265-A174-CEC244D77E5A} = {4F51B8F4-BED1-498D-A26D-94788246E8E4}
		{FB769DEF-9741-4A59-9B71-05C939AAB5A7} = {291F9497-5C19-44FB-B526-9D16DEB486D3}
		{B99E1FA1-C30A-45F2-9D57-9E9C21B2DF42} = {5E2905A7-D0EE-4E6A-9827-13BBC03DA14F}
	EndGlobalSection
	GlobalSection(ExtensibilityGlobals) = postSolution
		AMDCaPersistentConfig = Debug[new PCH]|Win32
		AMDCaPersistentStartup = test_d3d11
		AMDCaProjectFile = E:\_\Projects\tests\test_game\CodeAnalyst\test_game.caw
	EndGlobalSection
EndGlobal
