
Microsoft Visual Studio Solution File, Format Version 10.00
# Visual Studio 2008
Project("{2150E333-8FDC-42A3-9474-1A3956D46DE8}") = "Tools", "Tools", "{8D1151F9-60D4-4BC4-B022-C90C03F6CE21}"
EndProject
Project("{8BC9CEB8-8B4A-11D0-8D11-00A0C91BC942}") = "ShaderGen", "..\..\Tools\ShaderGen\ShaderGen.vcproj", "{5CB829D9-BA2D-4E71-8D51-8558DEBEAC92}"
	ProjectSection(ProjectDependencies) = postProject
		{FC82F022-B191-45E7-ACDC-C545DB7D90C0} = {FC82F022-B191-45E7-ACDC-C545DB7D90C0}
		{E672213E-93AB-4B99-AFAA-1AEDA3E4A7C7} = {E672213E-93AB-4B99-AFAA-1AEDA3E4A7C7}
	EndProjectSection
EndProject
Project("{8BC9CEB8-8B4A-11D0-8D11-00A0C91BC942}") = "ShaderGenUI", "..\..\Tools\ShaderGenUI\ShaderGenUI.vcproj", "{EED1F22C-E742-431E-B669-F4F3B080CD5D}"
	ProjectSection(ProjectDependencies) = postProject
		{FC82F022-B191-45E7-ACDC-C545DB7D90C0} = {FC82F022-B191-45E7-ACDC-C545DB7D90C0}
		{5CB829D9-BA2D-4E71-8D51-8558DEBEAC92} = {5CB829D9-BA2D-4E71-8D51-8558DEBEAC92}
	EndProjectSection
EndProject
Project("{8BC9CEB8-8B4A-11D0-8D11-00A0C91BC942}") = "ShaderEditor", "..\..\Tools\ShaderEditor\ShaderEditor.vcproj", "{8A7EE354-0331-4CDC-8244-9B8080C97D02}"
EndProject
Project("{2150E333-8FDC-42A3-9474-1A3956D46DE8}") = "Engine", "Engine", "{50ADFB22-B621-44F8-83A9-FE72A7E138FA}"
EndProject
Project("{8BC9CEB8-8B4A-11D0-8D11-00A0C91BC942}") = "Base", "Base.vcproj", "{FC82F022-B191-45E7-ACDC-C545DB7D90C0}"
EndProject
Project("{8BC9CEB8-8B4A-11D0-8D11-00A0C91BC942}") = "Graphics", "Graphics.vcproj", "{E672213E-93AB-4B99-AFAA-1AEDA3E4A7C7}"
EndProject
Project("{8BC9CEB8-8B4A-11D0-8D11-00A0C91BC942}") = "AssetBundler", "..\..\Tools\AssetBundler\AssetBundler.vcproj", "{CA679C57-784C-45E0-B94E-45BFB5CE52B4}"
EndProject
Project("{8BC9CEB8-8B4A-11D0-8D11-00A0C91BC942}") = "ResourcePacker", "..\..\Tools\ResourcePacker\ResourcePacker.vcproj", "{7279CF71-BAE8-4CC2-9228-E6EAE785A1F6}"
EndProject
Project("{8BC9CEB8-8B4A-11D0-8D11-00A0C91BC942}") = "Core", "Core.vcproj", "{248DC4C2-EE6A-464A-99FD-D79235340CA6}"
	ProjectSection(ProjectDependencies) = postProject
		{FC82F022-B191-45E7-ACDC-C545DB7D90C0} = {FC82F022-B191-45E7-ACDC-C545DB7D90C0}
	EndProjectSection
EndProject
Project("{8BC9CEB8-8B4A-11D0-8D11-00A0C91BC942}") = "MeshConverter", "..\..\Tools\MeshConverter\MeshConverter.vcproj", "{B1FD9764-F376-44AD-AF1C-15A1FB3C720C}"
	ProjectSection(ProjectDependencies) = postProject
		{28DC861E-2696-4E0E-9A47-56CE57BAEF58} = {28DC861E-2696-4E0E-9A47-56CE57BAEF58}
		{FC82F022-B191-45E7-ACDC-C545DB7D90C0} = {FC82F022-B191-45E7-ACDC-C545DB7D90C0}
		{248DC4C2-EE6A-464A-99FD-D79235340CA6} = {248DC4C2-EE6A-464A-99FD-D79235340CA6}
	EndProjectSection
EndProject
Project("{8BC9CEB8-8B4A-11D0-8D11-00A0C91BC942}") = "Renderer", "Renderer.vcproj", "{28DC861E-2696-4E0E-9A47-56CE57BAEF58}"
	ProjectSection(ProjectDependencies) = postProject
		{FC82F022-B191-45E7-ACDC-C545DB7D90C0} = {FC82F022-B191-45E7-ACDC-C545DB7D90C0}
		{248DC4C2-EE6A-464A-99FD-D79235340CA6} = {248DC4C2-EE6A-464A-99FD-D79235340CA6}
	EndProjectSection
EndProject
Project("{2150E333-8FDC-42A3-9474-1A3956D46DE8}") = "Dev", "Dev", "{5D8184D4-0AA4-419A-8E47-B531E1DB1AF5}"
	ProjectSection(SolutionItems) = preProject
		..\..\DevNotes\BUGS.txt = ..\..\DevNotes\BUGS.txt
		..\..\DevNotes\code templates.txt = ..\..\DevNotes\code templates.txt
		..\..\DevNotes\code_dump_0.txt = ..\..\DevNotes\code_dump_0.txt
		..\..\DevNotes\code_dump_1.txt = ..\..\DevNotes\code_dump_1.txt
		..\..\DevNotes\code_dump_2.txt = ..\..\DevNotes\code_dump_2.txt
		..\..\DevNotes\code_dump_3.txt = ..\..\DevNotes\code_dump_3.txt
		..\..\DevNotes\code_dump_4.txt = ..\..\DevNotes\code_dump_4.txt
		..\..\DevNotes\code_dump_5.txt = ..\..\DevNotes\code_dump_5.txt
		..\..\DevNotes\code_dump_6.txt = ..\..\DevNotes\code_dump_6.txt
		..\..\DevNotes\History.txt = ..\..\DevNotes\History.txt
		..\..\DevNotes\Ideas.txt = ..\..\DevNotes\Ideas.txt
		..\..\DevNotes\Links.txt = ..\..\DevNotes\Links.txt
		..\..\DevNotes\Threading.h = ..\..\DevNotes\Threading.h
		..\..\DevNotes\UsefulNotes.txt = ..\..\DevNotes\UsefulNotes.txt
	EndProjectSection
EndProject
Project("{8BC9CEB8-8B4A-11D0-8D11-00A0C91BC942}") = "FontGen", "..\..\Tools\FontGen\FontGen.vcproj", "{D5132CE2-05E2-43D4-B3DC-EBE86B6F574D}"
EndProject
Project("{2150E333-8FDC-42A3-9474-1A3956D46DE8}") = "ExtLibs", "ExtLibs", "{F573CE3B-D872-4BEF-989E-BA142433A261}"
EndProject
Project("{2150E333-8FDC-42A3-9474-1A3956D46DE8}") = "QtSupport", "QtSupport", "{3CE97977-BE89-4B44-88F9-1D82CD32E415}"
	ProjectSection(SolutionItems) = preProject
		..\..\Tools\QtSupport\common.h = ..\..\Tools\QtSupport\common.h
	EndProjectSection
EndProject
Project("{8BC9CEB8-8B4A-11D0-8D11-00A0C91BC942}") = "ContentManager", "..\..\Tools\ContentManager\ContentManager.vcproj", "{F8263479-241C-4D50-B295-9999A39F944F}"
	ProjectSection(ProjectDependencies) = postProject
		{5F466E62-5C50-4F91-AAE6-3E246A5A9C95} = {5F466E62-5C50-4F91-AAE6-3E246A5A9C95}
	EndProjectSection
EndProject
Project("{8BC9CEB8-8B4A-11D0-8D11-00A0C91BC942}") = "EditorSupport", "EditorSupport.vcproj", "{5F466E62-5C50-4F91-AAE6-3E246A5A9C95}"
EndProject
Global
	GlobalSection(SolutionConfigurationPlatforms) = preSolution
		Debug[new PCH]|Win32 = Debug[new PCH]|Win32
		Debug[use PCH]|Win32 = Debug[use PCH]|Win32
		Debug|Win32 = Debug|Win32
		Release - Fast FPU|Win32 = Release - Fast FPU|Win32
		Release[LTCG]|Win32 = Release[LTCG]|Win32
		Release[Metrics]|Win32 = Release[Metrics]|Win32
		Release[MinSize]|Win32 = Release[MinSize]|Win32
		Release|Win32 = Release|Win32
		ReleaseLTCG|Win32 = ReleaseLTCG|Win32
		RelWithDbgInfo|Win32 = RelWithDbgInfo|Win32
		SDL-Debug|Win32 = SDL-Debug|Win32
		Static lib - Debug|Win32 = Static lib - Debug|Win32
		Static lib - Release - Fast FPU|Win32 = Static lib - Release - Fast FPU|Win32
		Static lib - Release|Win32 = Static lib - Release|Win32
	EndGlobalSection
	GlobalSection(ProjectConfigurationPlatforms) = postSolution
		{5CB829D9-BA2D-4E71-8D51-8558DEBEAC92}.Debug[new PCH]|Win32.ActiveCfg = Debug|Win32
		{5CB829D9-BA2D-4E71-8D51-8558DEBEAC92}.Debug[new PCH]|Win32.Build.0 = Debug|Win32
		{5CB829D9-BA2D-4E71-8D51-8558DEBEAC92}.Debug[use PCH]|Win32.ActiveCfg = Debug|Win32
		{5CB829D9-BA2D-4E71-8D51-8558DEBEAC92}.Debug[use PCH]|Win32.Build.0 = Debug|Win32
		{5CB829D9-BA2D-4E71-8D51-8558DEBEAC92}.Debug|Win32.ActiveCfg = Debug|Win32
		{5CB829D9-BA2D-4E71-8D51-8558DEBEAC92}.Debug|Win32.Build.0 = Debug|Win32
		{5CB829D9-BA2D-4E71-8D51-8558DEBEAC92}.Release - Fast FPU|Win32.ActiveCfg = ReleaseLTCG|Win32
		{5CB829D9-BA2D-4E71-8D51-8558DEBEAC92}.Release - Fast FPU|Win32.Build.0 = ReleaseLTCG|Win32
		{5CB829D9-BA2D-4E71-8D51-8558DEBEAC92}.Release[LTCG]|Win32.ActiveCfg = ReleaseLTCG|Win32
		{5CB829D9-BA2D-4E71-8D51-8558DEBEAC92}.Release[LTCG]|Win32.Build.0 = ReleaseLTCG|Win32
		{5CB829D9-BA2D-4E71-8D51-8558DEBEAC92}.Release[Metrics]|Win32.ActiveCfg = ReleaseLTCG|Win32
		{5CB829D9-BA2D-4E71-8D51-8558DEBEAC92}.Release[Metrics]|Win32.Build.0 = ReleaseLTCG|Win32
		{5CB829D9-BA2D-4E71-8D51-8558DEBEAC92}.Release[MinSize]|Win32.ActiveCfg = ReleaseLTCG|Win32
		{5CB829D9-BA2D-4E71-8D51-8558DEBEAC92}.Release[MinSize]|Win32.Build.0 = ReleaseLTCG|Win32
		{5CB829D9-BA2D-4E71-8D51-8558DEBEAC92}.Release|Win32.ActiveCfg = Release|Win32
		{5CB829D9-BA2D-4E71-8D51-8558DEBEAC92}.Release|Win32.Build.0 = Release|Win32
		{5CB829D9-BA2D-4E71-8D51-8558DEBEAC92}.ReleaseLTCG|Win32.ActiveCfg = ReleaseLTCG|Win32
		{5CB829D9-BA2D-4E71-8D51-8558DEBEAC92}.ReleaseLTCG|Win32.Build.0 = ReleaseLTCG|Win32
		{5CB829D9-BA2D-4E71-8D51-8558DEBEAC92}.RelWithDbgInfo|Win32.ActiveCfg = RelWithDbgInfo|Win32
		{5CB829D9-BA2D-4E71-8D51-8558DEBEAC92}.RelWithDbgInfo|Win32.Build.0 = RelWithDbgInfo|Win32
		{5CB829D9-BA2D-4E71-8D51-8558DEBEAC92}.SDL-Debug|Win32.ActiveCfg = Debug|Win32
		{5CB829D9-BA2D-4E71-8D51-8558DEBEAC92}.SDL-Debug|Win32.Build.0 = Debug|Win32
		{5CB829D9-BA2D-4E71-8D51-8558DEBEAC92}.Static lib - Debug|Win32.ActiveCfg = Debug|Win32
		{5CB829D9-BA2D-4E71-8D51-8558DEBEAC92}.Static lib - Debug|Win32.Build.0 = Debug|Win32
		{5CB829D9-BA2D-4E71-8D51-8558DEBEAC92}.Static lib - Release - Fast FPU|Win32.ActiveCfg = Release|Win32
		{5CB829D9-BA2D-4E71-8D51-8558DEBEAC92}.Static lib - Release - Fast FPU|Win32.Build.0 = Release|Win32
		{5CB829D9-BA2D-4E71-8D51-8558DEBEAC92}.Static lib - Release|Win32.ActiveCfg = Release|Win32
		{5CB829D9-BA2D-4E71-8D51-8558DEBEAC92}.Static lib - Release|Win32.Build.0 = Release|Win32
		{EED1F22C-E742-431E-B669-F4F3B080CD5D}.Debug[new PCH]|Win32.ActiveCfg = Debug|Win32
		{EED1F22C-E742-431E-B669-F4F3B080CD5D}.Debug[new PCH]|Win32.Build.0 = Debug|Win32
		{EED1F22C-E742-431E-B669-F4F3B080CD5D}.Debug[use PCH]|Win32.ActiveCfg = Debug|Win32
		{EED1F22C-E742-431E-B669-F4F3B080CD5D}.Debug[use PCH]|Win32.Build.0 = Debug|Win32
		{EED1F22C-E742-431E-B669-F4F3B080CD5D}.Debug|Win32.ActiveCfg = Debug|Win32
		{EED1F22C-E742-431E-B669-F4F3B080CD5D}.Debug|Win32.Build.0 = Debug|Win32
		{EED1F22C-E742-431E-B669-F4F3B080CD5D}.Release - Fast FPU|Win32.ActiveCfg = Release|Win32
		{EED1F22C-E742-431E-B669-F4F3B080CD5D}.Release - Fast FPU|Win32.Build.0 = Release|Win32
		{EED1F22C-E742-431E-B669-F4F3B080CD5D}.Release[LTCG]|Win32.ActiveCfg = Release|Win32
		{EED1F22C-E742-431E-B669-F4F3B080CD5D}.Release[LTCG]|Win32.Build.0 = Release|Win32
		{EED1F22C-E742-431E-B669-F4F3B080CD5D}.Release[Metrics]|Win32.ActiveCfg = Release|Win32
		{EED1F22C-E742-431E-B669-F4F3B080CD5D}.Release[Metrics]|Win32.Build.0 = Release|Win32
		{EED1F22C-E742-431E-B669-F4F3B080CD5D}.Release[MinSize]|Win32.ActiveCfg = Release|Win32
		{EED1F22C-E742-431E-B669-F4F3B080CD5D}.Release[MinSize]|Win32.Build.0 = Release|Win32
		{EED1F22C-E742-431E-B669-F4F3B080CD5D}.Release|Win32.ActiveCfg = Release|Win32
		{EED1F22C-E742-431E-B669-F4F3B080CD5D}.Release|Win32.Build.0 = Release|Win32
		{EED1F22C-E742-431E-B669-F4F3B080CD5D}.ReleaseLTCG|Win32.ActiveCfg = Release|Win32
		{EED1F22C-E742-431E-B669-F4F3B080CD5D}.ReleaseLTCG|Win32.Build.0 = Release|Win32
		{EED1F22C-E742-431E-B669-F4F3B080CD5D}.RelWithDbgInfo|Win32.ActiveCfg = Release|Win32
		{EED1F22C-E742-431E-B669-F4F3B080CD5D}.RelWithDbgInfo|Win32.Build.0 = Release|Win32
		{EED1F22C-E742-431E-B669-F4F3B080CD5D}.SDL-Debug|Win32.ActiveCfg = Debug|Win32
		{EED1F22C-E742-431E-B669-F4F3B080CD5D}.SDL-Debug|Win32.Build.0 = Debug|Win32
		{EED1F22C-E742-431E-B669-F4F3B080CD5D}.Static lib - Debug|Win32.ActiveCfg = Debug|Win32
		{EED1F22C-E742-431E-B669-F4F3B080CD5D}.Static lib - Debug|Win32.Build.0 = Debug|Win32
		{EED1F22C-E742-431E-B669-F4F3B080CD5D}.Static lib - Release - Fast FPU|Win32.ActiveCfg = Release|Win32
		{EED1F22C-E742-431E-B669-F4F3B080CD5D}.Static lib - Release - Fast FPU|Win32.Build.0 = Release|Win32
		{EED1F22C-E742-431E-B669-F4F3B080CD5D}.Static lib - Release|Win32.ActiveCfg = Release|Win32
		{EED1F22C-E742-431E-B669-F4F3B080CD5D}.Static lib - Release|Win32.Build.0 = Release|Win32
		{8A7EE354-0331-4CDC-8244-9B8080C97D02}.Debug[new PCH]|Win32.ActiveCfg = Debug|Win32
		{8A7EE354-0331-4CDC-8244-9B8080C97D02}.Debug[new PCH]|Win32.Build.0 = Debug|Win32
		{8A7EE354-0331-4CDC-8244-9B8080C97D02}.Debug[use PCH]|Win32.ActiveCfg = Debug|Win32
		{8A7EE354-0331-4CDC-8244-9B8080C97D02}.Debug[use PCH]|Win32.Build.0 = Debug|Win32
		{8A7EE354-0331-4CDC-8244-9B8080C97D02}.Debug|Win32.ActiveCfg = Debug|Win32
		{8A7EE354-0331-4CDC-8244-9B8080C97D02}.Debug|Win32.Build.0 = Debug|Win32
		{8A7EE354-0331-4CDC-8244-9B8080C97D02}.Release - Fast FPU|Win32.ActiveCfg = Release|Win32
		{8A7EE354-0331-4CDC-8244-9B8080C97D02}.Release[LTCG]|Win32.ActiveCfg = Release|Win32
		{8A7EE354-0331-4CDC-8244-9B8080C97D02}.Release[LTCG]|Win32.Build.0 = Release|Win32
		{8A7EE354-0331-4CDC-8244-9B8080C97D02}.Release[Metrics]|Win32.ActiveCfg = Release|Win32
		{8A7EE354-0331-4CDC-8244-9B8080C97D02}.Release[Metrics]|Win32.Build.0 = Release|Win32
		{8A7EE354-0331-4CDC-8244-9B8080C97D02}.Release[MinSize]|Win32.ActiveCfg = Release|Win32
		{8A7EE354-0331-4CDC-8244-9B8080C97D02}.Release[MinSize]|Win32.Build.0 = Release|Win32
		{8A7EE354-0331-4CDC-8244-9B8080C97D02}.Release|Win32.ActiveCfg = Release|Win32
		{8A7EE354-0331-4CDC-8244-9B8080C97D02}.Release|Win32.Build.0 = Release|Win32
		{8A7EE354-0331-4CDC-8244-9B8080C97D02}.ReleaseLTCG|Win32.ActiveCfg = Release|Win32
		{8A7EE354-0331-4CDC-8244-9B8080C97D02}.ReleaseLTCG|Win32.Build.0 = Release|Win32
		{8A7EE354-0331-4CDC-8244-9B8080C97D02}.RelWithDbgInfo|Win32.ActiveCfg = Release|Win32
		{8A7EE354-0331-4CDC-8244-9B8080C97D02}.RelWithDbgInfo|Win32.Build.0 = Release|Win32
		{8A7EE354-0331-4CDC-8244-9B8080C97D02}.SDL-Debug|Win32.ActiveCfg = Debug|Win32
		{8A7EE354-0331-4CDC-8244-9B8080C97D02}.Static lib - Debug|Win32.ActiveCfg = Debug|Win32
		{8A7EE354-0331-4CDC-8244-9B8080C97D02}.Static lib - Release - Fast FPU|Win32.ActiveCfg = Release|Win32
		{8A7EE354-0331-4CDC-8244-9B8080C97D02}.Static lib - Release|Win32.ActiveCfg = Release|Win32
		{FC82F022-B191-45E7-ACDC-C545DB7D90C0}.Debug[new PCH]|Win32.ActiveCfg = Debug|Win32
		{FC82F022-B191-45E7-ACDC-C545DB7D90C0}.Debug[new PCH]|Win32.Build.0 = Debug|Win32
		{FC82F022-B191-45E7-ACDC-C545DB7D90C0}.Debug[use PCH]|Win32.ActiveCfg = Debug|Win32
		{FC82F022-B191-45E7-ACDC-C545DB7D90C0}.Debug[use PCH]|Win32.Build.0 = Debug|Win32
		{FC82F022-B191-45E7-ACDC-C545DB7D90C0}.Debug|Win32.ActiveCfg = Debug|Win32
		{FC82F022-B191-45E7-ACDC-C545DB7D90C0}.Debug|Win32.Build.0 = Debug|Win32
		{FC82F022-B191-45E7-ACDC-C545DB7D90C0}.Release - Fast FPU|Win32.ActiveCfg = ReleaseLTCG|Win32
		{FC82F022-B191-45E7-ACDC-C545DB7D90C0}.Release[LTCG]|Win32.ActiveCfg = Release[LTCG]|Win32
		{FC82F022-B191-45E7-ACDC-C545DB7D90C0}.Release[LTCG]|Win32.Build.0 = Release[LTCG]|Win32
		{FC82F022-B191-45E7-ACDC-C545DB7D90C0}.Release[Metrics]|Win32.ActiveCfg = Release[Metrics]|Win32
		{FC82F022-B191-45E7-ACDC-C545DB7D90C0}.Release[Metrics]|Win32.Build.0 = Release[Metrics]|Win32
		{FC82F022-B191-45E7-ACDC-C545DB7D90C0}.Release[MinSize]|Win32.ActiveCfg = Release[MinSize]|Win32
		{FC82F022-B191-45E7-ACDC-C545DB7D90C0}.Release[MinSize]|Win32.Build.0 = Release[MinSize]|Win32
		{FC82F022-B191-45E7-ACDC-C545DB7D90C0}.Release|Win32.ActiveCfg = Release|Win32
		{FC82F022-B191-45E7-ACDC-C545DB7D90C0}.Release|Win32.Build.0 = Release|Win32
		{FC82F022-B191-45E7-ACDC-C545DB7D90C0}.ReleaseLTCG|Win32.ActiveCfg = ReleaseLTCG|Win32
		{FC82F022-B191-45E7-ACDC-C545DB7D90C0}.ReleaseLTCG|Win32.Build.0 = ReleaseLTCG|Win32
		{FC82F022-B191-45E7-ACDC-C545DB7D90C0}.RelWithDbgInfo|Win32.ActiveCfg = Release[MinSize]|Win32
		{FC82F022-B191-45E7-ACDC-C545DB7D90C0}.RelWithDbgInfo|Win32.Build.0 = Release[MinSize]|Win32
		{FC82F022-B191-45E7-ACDC-C545DB7D90C0}.SDL-Debug|Win32.ActiveCfg = Debug|Win32
		{FC82F022-B191-45E7-ACDC-C545DB7D90C0}.Static lib - Debug|Win32.ActiveCfg = Debug|Win32
		{FC82F022-B191-45E7-ACDC-C545DB7D90C0}.Static lib - Release - Fast FPU|Win32.ActiveCfg = Release|Win32
		{FC82F022-B191-45E7-ACDC-C545DB7D90C0}.Static lib - Release|Win32.ActiveCfg = Release|Win32
		{E672213E-93AB-4B99-AFAA-1AEDA3E4A7C7}.Debug[new PCH]|Win32.ActiveCfg = Debug|Win32
		{E672213E-93AB-4B99-AFAA-1AEDA3E4A7C7}.Debug[new PCH]|Win32.Build.0 = Debug|Win32
		{E672213E-93AB-4B99-AFAA-1AEDA3E4A7C7}.Debug[use PCH]|Win32.ActiveCfg = Debug|Win32
		{E672213E-93AB-4B99-AFAA-1AEDA3E4A7C7}.Debug[use PCH]|Win32.Build.0 = Debug|Win32
		{E672213E-93AB-4B99-AFAA-1AEDA3E4A7C7}.Debug|Win32.ActiveCfg = Debug|Win32
		{E672213E-93AB-4B99-AFAA-1AEDA3E4A7C7}.Debug|Win32.Build.0 = Debug|Win32
		{E672213E-93AB-4B99-AFAA-1AEDA3E4A7C7}.Release - Fast FPU|Win32.ActiveCfg = Release[Checked]|Win32
		{E672213E-93AB-4B99-AFAA-1AEDA3E4A7C7}.Release - Fast FPU|Win32.Build.0 = Release[Checked]|Win32
		{E672213E-93AB-4B99-AFAA-1AEDA3E4A7C7}.Release[LTCG]|Win32.ActiveCfg = Release[Checked]|Win32
		{E672213E-93AB-4B99-AFAA-1AEDA3E4A7C7}.Release[LTCG]|Win32.Build.0 = Release[Checked]|Win32
		{E672213E-93AB-4B99-AFAA-1AEDA3E4A7C7}.Release[Metrics]|Win32.ActiveCfg = Release[Metrics]|Win32
		{E672213E-93AB-4B99-AFAA-1AEDA3E4A7C7}.Release[Metrics]|Win32.Build.0 = Release[Metrics]|Win32
		{E672213E-93AB-4B99-AFAA-1AEDA3E4A7C7}.Release[MinSize]|Win32.ActiveCfg = Release[Metrics]|Win32
		{E672213E-93AB-4B99-AFAA-1AEDA3E4A7C7}.Release[MinSize]|Win32.Build.0 = Release[Metrics]|Win32
		{E672213E-93AB-4B99-AFAA-1AEDA3E4A7C7}.Release|Win32.ActiveCfg = Release|Win32
		{E672213E-93AB-4B99-AFAA-1AEDA3E4A7C7}.Release|Win32.Build.0 = Release|Win32
		{E672213E-93AB-4B99-AFAA-1AEDA3E4A7C7}.ReleaseLTCG|Win32.ActiveCfg = Release[Checked]|Win32
		{E672213E-93AB-4B99-AFAA-1AEDA3E4A7C7}.ReleaseLTCG|Win32.Build.0 = Release[Checked]|Win32
		{E672213E-93AB-4B99-AFAA-1AEDA3E4A7C7}.RelWithDbgInfo|Win32.ActiveCfg = Release[Checked]|Win32
		{E672213E-93AB-4B99-AFAA-1AEDA3E4A7C7}.RelWithDbgInfo|Win32.Build.0 = Release[Checked]|Win32
		{E672213E-93AB-4B99-AFAA-1AEDA3E4A7C7}.SDL-Debug|Win32.ActiveCfg = Debug|Win32
		{E672213E-93AB-4B99-AFAA-1AEDA3E4A7C7}.Static lib - Debug|Win32.ActiveCfg = Debug|Win32
		{E672213E-93AB-4B99-AFAA-1AEDA3E4A7C7}.Static lib - Release - Fast FPU|Win32.ActiveCfg = Release|Win32
		{E672213E-93AB-4B99-AFAA-1AEDA3E4A7C7}.Static lib - Release|Win32.ActiveCfg = Release|Win32
		{CA679C57-784C-45E0-B94E-45BFB5CE52B4}.Debug[new PCH]|Win32.ActiveCfg = Debug|Win32
		{CA679C57-784C-45E0-B94E-45BFB5CE52B4}.Debug[new PCH]|Win32.Build.0 = Debug|Win32
		{CA679C57-784C-45E0-B94E-45BFB5CE52B4}.Debug[use PCH]|Win32.ActiveCfg = Debug|Win32
		{CA679C57-784C-45E0-B94E-45BFB5CE52B4}.Debug[use PCH]|Win32.Build.0 = Debug|Win32
		{CA679C57-784C-45E0-B94E-45BFB5CE52B4}.Debug|Win32.ActiveCfg = Debug|Win32
		{CA679C57-784C-45E0-B94E-45BFB5CE52B4}.Debug|Win32.Build.0 = Debug|Win32
		{CA679C57-784C-45E0-B94E-45BFB5CE52B4}.Release - Fast FPU|Win32.ActiveCfg = Release|Win32
		{CA679C57-784C-45E0-B94E-45BFB5CE52B4}.Release[LTCG]|Win32.ActiveCfg = ReleaseLTCG|Win32
		{CA679C57-784C-45E0-B94E-45BFB5CE52B4}.Release[LTCG]|Win32.Build.0 = ReleaseLTCG|Win32
		{CA679C57-784C-45E0-B94E-45BFB5CE52B4}.Release[Metrics]|Win32.ActiveCfg = ReleaseLTCG|Win32
		{CA679C57-784C-45E0-B94E-45BFB5CE52B4}.Release[Metrics]|Win32.Build.0 = ReleaseLTCG|Win32
		{CA679C57-784C-45E0-B94E-45BFB5CE52B4}.Release[MinSize]|Win32.ActiveCfg = ReleaseLTCG|Win32
		{CA679C57-784C-45E0-B94E-45BFB5CE52B4}.Release[MinSize]|Win32.Build.0 = ReleaseLTCG|Win32
		{CA679C57-784C-45E0-B94E-45BFB5CE52B4}.Release|Win32.ActiveCfg = Release|Win32
		{CA679C57-784C-45E0-B94E-45BFB5CE52B4}.Release|Win32.Build.0 = Release|Win32
		{CA679C57-784C-45E0-B94E-45BFB5CE52B4}.ReleaseLTCG|Win32.ActiveCfg = ReleaseLTCG|Win32
		{CA679C57-784C-45E0-B94E-45BFB5CE52B4}.ReleaseLTCG|Win32.Build.0 = ReleaseLTCG|Win32
		{CA679C57-784C-45E0-B94E-45BFB5CE52B4}.RelWithDbgInfo|Win32.ActiveCfg = RelWithDbgInfo|Win32
		{CA679C57-784C-45E0-B94E-45BFB5CE52B4}.RelWithDbgInfo|Win32.Build.0 = RelWithDbgInfo|Win32
		{CA679C57-784C-45E0-B94E-45BFB5CE52B4}.SDL-Debug|Win32.ActiveCfg = Debug|Win32
		{CA679C57-784C-45E0-B94E-45BFB5CE52B4}.Static lib - Debug|Win32.ActiveCfg = Debug|Win32
		{CA679C57-784C-45E0-B94E-45BFB5CE52B4}.Static lib - Release - Fast FPU|Win32.ActiveCfg = Release|Win32
		{CA679C57-784C-45E0-B94E-45BFB5CE52B4}.Static lib - Release|Win32.ActiveCfg = Release|Win32
		{7279CF71-BAE8-4CC2-9228-E6EAE785A1F6}.Debug[new PCH]|Win32.ActiveCfg = Debug|Win32
		{7279CF71-BAE8-4CC2-9228-E6EAE785A1F6}.Debug[new PCH]|Win32.Build.0 = Debug|Win32
		{7279CF71-BAE8-4CC2-9228-E6EAE785A1F6}.Debug[use PCH]|Win32.ActiveCfg = Debug|Win32
		{7279CF71-BAE8-4CC2-9228-E6EAE785A1F6}.Debug[use PCH]|Win32.Build.0 = Debug|Win32
		{7279CF71-BAE8-4CC2-9228-E6EAE785A1F6}.Debug|Win32.ActiveCfg = Debug|Win32
		{7279CF71-BAE8-4CC2-9228-E6EAE785A1F6}.Debug|Win32.Build.0 = Debug|Win32
		{7279CF71-BAE8-4CC2-9228-E6EAE785A1F6}.Release - Fast FPU|Win32.ActiveCfg = Release|Win32
		{7279CF71-BAE8-4CC2-9228-E6EAE785A1F6}.Release[LTCG]|Win32.ActiveCfg = Release|Win32
		{7279CF71-BAE8-4CC2-9228-E6EAE785A1F6}.Release[LTCG]|Win32.Build.0 = Release|Win32
		{7279CF71-BAE8-4CC2-9228-E6EAE785A1F6}.Release[Metrics]|Win32.ActiveCfg = Release|Win32
		{7279CF71-BAE8-4CC2-9228-E6EAE785A1F6}.Release[Metrics]|Win32.Build.0 = Release|Win32
		{7279CF71-BAE8-4CC2-9228-E6EAE785A1F6}.Release[MinSize]|Win32.ActiveCfg = Release|Win32
		{7279CF71-BAE8-4CC2-9228-E6EAE785A1F6}.Release[MinSize]|Win32.Build.0 = Release|Win32
		{7279CF71-BAE8-4CC2-9228-E6EAE785A1F6}.Release|Win32.ActiveCfg = Release|Win32
		{7279CF71-BAE8-4CC2-9228-E6EAE785A1F6}.Release|Win32.Build.0 = Release|Win32
		{7279CF71-BAE8-4CC2-9228-E6EAE785A1F6}.ReleaseLTCG|Win32.ActiveCfg = Release|Win32
		{7279CF71-BAE8-4CC2-9228-E6EAE785A1F6}.ReleaseLTCG|Win32.Build.0 = Release|Win32
		{7279CF71-BAE8-4CC2-9228-E6EAE785A1F6}.RelWithDbgInfo|Win32.ActiveCfg = Release|Win32
		{7279CF71-BAE8-4CC2-9228-E6EAE785A1F6}.RelWithDbgInfo|Win32.Build.0 = Release|Win32
		{7279CF71-BAE8-4CC2-9228-E6EAE785A1F6}.SDL-Debug|Win32.ActiveCfg = Debug|Win32
		{7279CF71-BAE8-4CC2-9228-E6EAE785A1F6}.Static lib - Debug|Win32.ActiveCfg = Debug|Win32
		{7279CF71-BAE8-4CC2-9228-E6EAE785A1F6}.Static lib - Release - Fast FPU|Win32.ActiveCfg = Release|Win32
		{7279CF71-BAE8-4CC2-9228-E6EAE785A1F6}.Static lib - Release|Win32.ActiveCfg = Release|Win32
		{248DC4C2-EE6A-464A-99FD-D79235340CA6}.Debug[new PCH]|Win32.ActiveCfg = Debug|Win32
		{248DC4C2-EE6A-464A-99FD-D79235340CA6}.Debug[new PCH]|Win32.Build.0 = Debug|Win32
		{248DC4C2-EE6A-464A-99FD-D79235340CA6}.Debug[use PCH]|Win32.ActiveCfg = Debug|Win32
		{248DC4C2-EE6A-464A-99FD-D79235340CA6}.Debug[use PCH]|Win32.Build.0 = Debug|Win32
		{248DC4C2-EE6A-464A-99FD-D79235340CA6}.Debug|Win32.ActiveCfg = Debug|Win32
		{248DC4C2-EE6A-464A-99FD-D79235340CA6}.Debug|Win32.Build.0 = Debug|Win32
		{248DC4C2-EE6A-464A-99FD-D79235340CA6}.Release - Fast FPU|Win32.ActiveCfg = ReleaseLTCG|Win32
		{248DC4C2-EE6A-464A-99FD-D79235340CA6}.Release[LTCG]|Win32.ActiveCfg = Release[LTCG]|Win32
		{248DC4C2-EE6A-464A-99FD-D79235340CA6}.Release[LTCG]|Win32.Build.0 = Release[LTCG]|Win32
		{248DC4C2-EE6A-464A-99FD-D79235340CA6}.Release[Metrics]|Win32.ActiveCfg = Release[Metrics]|Win32
		{248DC4C2-EE6A-464A-99FD-D79235340CA6}.Release[Metrics]|Win32.Build.0 = Release[Metrics]|Win32
		{248DC4C2-EE6A-464A-99FD-D79235340CA6}.Release[MinSize]|Win32.ActiveCfg = Release[MinSize]|Win32
		{248DC4C2-EE6A-464A-99FD-D79235340CA6}.Release[MinSize]|Win32.Build.0 = Release[MinSize]|Win32
		{248DC4C2-EE6A-464A-99FD-D79235340CA6}.Release|Win32.ActiveCfg = Release|Win32
		{248DC4C2-EE6A-464A-99FD-D79235340CA6}.Release|Win32.Build.0 = Release|Win32
		{248DC4C2-EE6A-464A-99FD-D79235340CA6}.ReleaseLTCG|Win32.ActiveCfg = ReleaseLTCG|Win32
		{248DC4C2-EE6A-464A-99FD-D79235340CA6}.ReleaseLTCG|Win32.Build.0 = ReleaseLTCG|Win32
		{248DC4C2-EE6A-464A-99FD-D79235340CA6}.RelWithDbgInfo|Win32.ActiveCfg = Release[MinSize]|Win32
		{248DC4C2-EE6A-464A-99FD-D79235340CA6}.RelWithDbgInfo|Win32.Build.0 = Release[MinSize]|Win32
		{248DC4C2-EE6A-464A-99FD-D79235340CA6}.SDL-Debug|Win32.ActiveCfg = Debug|Win32
		{248DC4C2-EE6A-464A-99FD-D79235340CA6}.Static lib - Debug|Win32.ActiveCfg = Debug|Win32
		{248DC4C2-EE6A-464A-99FD-D79235340CA6}.Static lib - Release - Fast FPU|Win32.ActiveCfg = Release|Win32
		{248DC4C2-EE6A-464A-99FD-D79235340CA6}.Static lib - Release|Win32.ActiveCfg = Release|Win32
		{B1FD9764-F376-44AD-AF1C-15A1FB3C720C}.Debug[new PCH]|Win32.ActiveCfg = Debug|Win32
		{B1FD9764-F376-44AD-AF1C-15A1FB3C720C}.Debug[new PCH]|Win32.Build.0 = Debug|Win32
		{B1FD9764-F376-44AD-AF1C-15A1FB3C720C}.Debug[use PCH]|Win32.ActiveCfg = Debug|Win32
		{B1FD9764-F376-44AD-AF1C-15A1FB3C720C}.Debug[use PCH]|Win32.Build.0 = Debug|Win32
		{B1FD9764-F376-44AD-AF1C-15A1FB3C720C}.Debug|Win32.ActiveCfg = Debug|Win32
		{B1FD9764-F376-44AD-AF1C-15A1FB3C720C}.Debug|Win32.Build.0 = Debug|Win32
		{B1FD9764-F376-44AD-AF1C-15A1FB3C720C}.Release - Fast FPU|Win32.ActiveCfg = Release|Win32
		{B1FD9764-F376-44AD-AF1C-15A1FB3C720C}.Release - Fast FPU|Win32.Build.0 = Release|Win32
		{B1FD9764-F376-44AD-AF1C-15A1FB3C720C}.Release[LTCG]|Win32.ActiveCfg = Release|Win32
		{B1FD9764-F376-44AD-AF1C-15A1FB3C720C}.Release[LTCG]|Win32.Build.0 = Release|Win32
		{B1FD9764-F376-44AD-AF1C-15A1FB3C720C}.Release[Metrics]|Win32.ActiveCfg = Release|Win32
		{B1FD9764-F376-44AD-AF1C-15A1FB3C720C}.Release[Metrics]|Win32.Build.0 = Release|Win32
		{B1FD9764-F376-44AD-AF1C-15A1FB3C720C}.Release[MinSize]|Win32.ActiveCfg = Release|Win32
		{B1FD9764-F376-44AD-AF1C-15A1FB3C720C}.Release[MinSize]|Win32.Build.0 = Release|Win32
		{B1FD9764-F376-44AD-AF1C-15A1FB3C720C}.Release|Win32.ActiveCfg = Release|Win32
		{B1FD9764-F376-44AD-AF1C-15A1FB3C720C}.Release|Win32.Build.0 = Release|Win32
		{B1FD9764-F376-44AD-AF1C-15A1FB3C720C}.ReleaseLTCG|Win32.ActiveCfg = Release|Win32
		{B1FD9764-F376-44AD-AF1C-15A1FB3C720C}.ReleaseLTCG|Win32.Build.0 = Release|Win32
		{B1FD9764-F376-44AD-AF1C-15A1FB3C720C}.RelWithDbgInfo|Win32.ActiveCfg = Release|Win32
		{B1FD9764-F376-44AD-AF1C-15A1FB3C720C}.RelWithDbgInfo|Win32.Build.0 = Release|Win32
		{B1FD9764-F376-44AD-AF1C-15A1FB3C720C}.SDL-Debug|Win32.ActiveCfg = Debug|Win32
		{B1FD9764-F376-44AD-AF1C-15A1FB3C720C}.SDL-Debug|Win32.Build.0 = Debug|Win32
		{B1FD9764-F376-44AD-AF1C-15A1FB3C720C}.Static lib - Debug|Win32.ActiveCfg = Debug|Win32
		{B1FD9764-F376-44AD-AF1C-15A1FB3C720C}.Static lib - Debug|Win32.Build.0 = Debug|Win32
		{B1FD9764-F376-44AD-AF1C-15A1FB3C720C}.Static lib - Release - Fast FPU|Win32.ActiveCfg = Release|Win32
		{B1FD9764-F376-44AD-AF1C-15A1FB3C720C}.Static lib - Release - Fast FPU|Win32.Build.0 = Release|Win32
		{B1FD9764-F376-44AD-AF1C-15A1FB3C720C}.Static lib - Release|Win32.ActiveCfg = Release|Win32
		{B1FD9764-F376-44AD-AF1C-15A1FB3C720C}.Static lib - Release|Win32.Build.0 = Release|Win32
		{28DC861E-2696-4E0E-9A47-56CE57BAEF58}.Debug[new PCH]|Win32.ActiveCfg = Debug[new PCH]|Win32
		{28DC861E-2696-4E0E-9A47-56CE57BAEF58}.Debug[new PCH]|Win32.Build.0 = Debug[new PCH]|Win32
		{28DC861E-2696-4E0E-9A47-56CE57BAEF58}.Debug[use PCH]|Win32.ActiveCfg = Debug[use PCH]|Win32
		{28DC861E-2696-4E0E-9A47-56CE57BAEF58}.Debug|Win32.ActiveCfg = Debug|Win32
		{28DC861E-2696-4E0E-9A47-56CE57BAEF58}.Debug|Win32.Build.0 = Debug|Win32
		{28DC861E-2696-4E0E-9A47-56CE57BAEF58}.Release - Fast FPU|Win32.ActiveCfg = ReleaseLTCG|Win32
		{28DC861E-2696-4E0E-9A47-56CE57BAEF58}.Release[LTCG]|Win32.ActiveCfg = Release[LTCG]|Win32
		{28DC861E-2696-4E0E-9A47-56CE57BAEF58}.Release[LTCG]|Win32.Build.0 = Release[LTCG]|Win32
		{28DC861E-2696-4E0E-9A47-56CE57BAEF58}.Release[Metrics]|Win32.ActiveCfg = Release[Metrics]|Win32
		{28DC861E-2696-4E0E-9A47-56CE57BAEF58}.Release[Metrics]|Win32.Build.0 = Release[Metrics]|Win32
		{28DC861E-2696-4E0E-9A47-56CE57BAEF58}.Release[MinSize]|Win32.ActiveCfg = Release[MinSize]|Win32
		{28DC861E-2696-4E0E-9A47-56CE57BAEF58}.Release[MinSize]|Win32.Build.0 = Release[MinSize]|Win32
		{28DC861E-2696-4E0E-9A47-56CE57BAEF58}.Release|Win32.ActiveCfg = Release|Win32
		{28DC861E-2696-4E0E-9A47-56CE57BAEF58}.Release|Win32.Build.0 = Release|Win32
		{28DC861E-2696-4E0E-9A47-56CE57BAEF58}.ReleaseLTCG|Win32.ActiveCfg = ReleaseLTCG|Win32
		{28DC861E-2696-4E0E-9A47-56CE57BAEF58}.ReleaseLTCG|Win32.Build.0 = ReleaseLTCG|Win32
		{28DC861E-2696-4E0E-9A47-56CE57BAEF58}.RelWithDbgInfo|Win32.ActiveCfg = RelWithDbgInfo|Win32
		{28DC861E-2696-4E0E-9A47-56CE57BAEF58}.RelWithDbgInfo|Win32.Build.0 = RelWithDbgInfo|Win32
		{28DC861E-2696-4E0E-9A47-56CE57BAEF58}.SDL-Debug|Win32.ActiveCfg = Debug|Win32
		{28DC861E-2696-4E0E-9A47-56CE57BAEF58}.Static lib - Debug|Win32.ActiveCfg = Debug|Win32
		{28DC861E-2696-4E0E-9A47-56CE57BAEF58}.Static lib - Release - Fast FPU|Win32.ActiveCfg = Release|Win32
		{28DC861E-2696-4E0E-9A47-56CE57BAEF58}.Static lib - Release|Win32.ActiveCfg = Release|Win32
		{D5132CE2-05E2-43D4-B3DC-EBE86B6F574D}.Debug[new PCH]|Win32.ActiveCfg = Debug|Win32
		{D5132CE2-05E2-43D4-B3DC-EBE86B6F574D}.Debug[new PCH]|Win32.Build.0 = Debug|Win32
		{D5132CE2-05E2-43D4-B3DC-EBE86B6F574D}.Debug[use PCH]|Win32.ActiveCfg = Debug|Win32
		{D5132CE2-05E2-43D4-B3DC-EBE86B6F574D}.Debug[use PCH]|Win32.Build.0 = Debug|Win32
		{D5132CE2-05E2-43D4-B3DC-EBE86B6F574D}.Debug|Win32.ActiveCfg = Debug|Win32
		{D5132CE2-05E2-43D4-B3DC-EBE86B6F574D}.Debug|Win32.Build.0 = Debug|Win32
		{D5132CE2-05E2-43D4-B3DC-EBE86B6F574D}.Release - Fast FPU|Win32.ActiveCfg = Release|Win32
		{D5132CE2-05E2-43D4-B3DC-EBE86B6F574D}.Release - Fast FPU|Win32.Build.0 = Release|Win32
		{D5132CE2-05E2-43D4-B3DC-EBE86B6F574D}.Release[LTCG]|Win32.ActiveCfg = Release|Win32
		{D5132CE2-05E2-43D4-B3DC-EBE86B6F574D}.Release[LTCG]|Win32.Build.0 = Release|Win32
		{D5132CE2-05E2-43D4-B3DC-EBE86B6F574D}.Release[Metrics]|Win32.ActiveCfg = Release|Win32
		{D5132CE2-05E2-43D4-B3DC-EBE86B6F574D}.Release[Metrics]|Win32.Build.0 = Release|Win32
		{D5132CE2-05E2-43D4-B3DC-EBE86B6F574D}.Release[MinSize]|Win32.ActiveCfg = Release|Win32
		{D5132CE2-05E2-43D4-B3DC-EBE86B6F574D}.Release[MinSize]|Win32.Build.0 = Release|Win32
		{D5132CE2-05E2-43D4-B3DC-EBE86B6F574D}.Release|Win32.ActiveCfg = Release|Win32
		{D5132CE2-05E2-43D4-B3DC-EBE86B6F574D}.Release|Win32.Build.0 = Release|Win32
		{D5132CE2-05E2-43D4-B3DC-EBE86B6F574D}.ReleaseLTCG|Win32.ActiveCfg = Release|Win32
		{D5132CE2-05E2-43D4-B3DC-EBE86B6F574D}.ReleaseLTCG|Win32.Build.0 = Release|Win32
		{D5132CE2-05E2-43D4-B3DC-EBE86B6F574D}.RelWithDbgInfo|Win32.ActiveCfg = Release|Win32
		{D5132CE2-05E2-43D4-B3DC-EBE86B6F574D}.RelWithDbgInfo|Win32.Build.0 = Release|Win32
		{D5132CE2-05E2-43D4-B3DC-EBE86B6F574D}.SDL-Debug|Win32.ActiveCfg = Debug|Win32
		{D5132CE2-05E2-43D4-B3DC-EBE86B6F574D}.SDL-Debug|Win32.Build.0 = Debug|Win32
		{D5132CE2-05E2-43D4-B3DC-EBE86B6F574D}.Static lib - Debug|Win32.ActiveCfg = Debug|Win32
		{D5132CE2-05E2-43D4-B3DC-EBE86B6F574D}.Static lib - Debug|Win32.Build.0 = Debug|Win32
		{D5132CE2-05E2-43D4-B3DC-EBE86B6F574D}.Static lib - Release - Fast FPU|Win32.ActiveCfg = Release|Win32
		{D5132CE2-05E2-43D4-B3DC-EBE86B6F574D}.Static lib - Release - Fast FPU|Win32.Build.0 = Release|Win32
		{D5132CE2-05E2-43D4-B3DC-EBE86B6F574D}.Static lib - Release|Win32.ActiveCfg = Release|Win32
		{D5132CE2-05E2-43D4-B3DC-EBE86B6F574D}.Static lib - Release|Win32.Build.0 = Release|Win32
		{F8263479-241C-4D50-B295-9999A39F944F}.Debug[new PCH]|Win32.ActiveCfg = Debug|Win32
		{F8263479-241C-4D50-B295-9999A39F944F}.Debug[new PCH]|Win32.Build.0 = Debug|Win32
		{F8263479-241C-4D50-B295-9999A39F944F}.Debug[use PCH]|Win32.ActiveCfg = Debug|Win32
		{F8263479-241C-4D50-B295-9999A39F944F}.Debug[use PCH]|Win32.Build.0 = Debug|Win32
		{F8263479-241C-4D50-B295-9999A39F944F}.Debug|Win32.ActiveCfg = Debug|Win32
		{F8263479-241C-4D50-B295-9999A39F944F}.Debug|Win32.Build.0 = Debug|Win32
		{F8263479-241C-4D50-B295-9999A39F944F}.Release - Fast FPU|Win32.ActiveCfg = Release|Win32
		{F8263479-241C-4D50-B295-9999A39F944F}.Release - Fast FPU|Win32.Build.0 = Release|Win32
		{F8263479-241C-4D50-B295-9999A39F944F}.Release[LTCG]|Win32.ActiveCfg = Release|Win32
		{F8263479-241C-4D50-B295-9999A39F944F}.Release[LTCG]|Win32.Build.0 = Release|Win32
		{F8263479-241C-4D50-B295-9999A39F944F}.Release[Metrics]|Win32.ActiveCfg = Release|Win32
		{F8263479-241C-4D50-B295-9999A39F944F}.Release[Metrics]|Win32.Build.0 = Release|Win32
		{F8263479-241C-4D50-B295-9999A39F944F}.Release[MinSize]|Win32.ActiveCfg = Release|Win32
		{F8263479-241C-4D50-B295-9999A39F944F}.Release[MinSize]|Win32.Build.0 = Release|Win32
		{F8263479-241C-4D50-B295-9999A39F944F}.Release|Win32.ActiveCfg = Release|Win32
		{F8263479-241C-4D50-B295-9999A39F944F}.Release|Win32.Build.0 = Release|Win32
		{F8263479-241C-4D50-B295-9999A39F944F}.ReleaseLTCG|Win32.ActiveCfg = Release|Win32
		{F8263479-241C-4D50-B295-9999A39F944F}.ReleaseLTCG|Win32.Build.0 = Release|Win32
		{F8263479-241C-4D50-B295-9999A39F944F}.RelWithDbgInfo|Win32.ActiveCfg = Release|Win32
		{F8263479-241C-4D50-B295-9999A39F944F}.RelWithDbgInfo|Win32.Build.0 = Release|Win32
		{F8263479-241C-4D50-B295-9999A39F944F}.SDL-Debug|Win32.ActiveCfg = Debug|Win32
		{F8263479-241C-4D50-B295-9999A39F944F}.SDL-Debug|Win32.Build.0 = Debug|Win32
		{F8263479-241C-4D50-B295-9999A39F944F}.Static lib - Debug|Win32.ActiveCfg = Debug|Win32
		{F8263479-241C-4D50-B295-9999A39F944F}.Static lib - Debug|Win32.Build.0 = Debug|Win32
		{F8263479-241C-4D50-B295-9999A39F944F}.Static lib - Release - Fast FPU|Win32.ActiveCfg = Release|Win32
		{F8263479-241C-4D50-B295-9999A39F944F}.Static lib - Release - Fast FPU|Win32.Build.0 = Release|Win32
		{F8263479-241C-4D50-B295-9999A39F944F}.Static lib - Release|Win32.ActiveCfg = Release|Win32
		{F8263479-241C-4D50-B295-9999A39F944F}.Static lib - Release|Win32.Build.0 = Release|Win32
		{5F466E62-5C50-4F91-AAE6-3E246A5A9C95}.Debug[new PCH]|Win32.ActiveCfg = Debug|Win32
		{5F466E62-5C50-4F91-AAE6-3E246A5A9C95}.Debug[new PCH]|Win32.Build.0 = Debug|Win32
		{5F466E62-5C50-4F91-AAE6-3E246A5A9C95}.Debug[use PCH]|Win32.ActiveCfg = Debug|Win32
		{5F466E62-5C50-4F91-AAE6-3E246A5A9C95}.Debug[use PCH]|Win32.Build.0 = Debug|Win32
		{5F466E62-5C50-4F91-AAE6-3E246A5A9C95}.Debug|Win32.ActiveCfg = Debug|Win32
		{5F466E62-5C50-4F91-AAE6-3E246A5A9C95}.Debug|Win32.Build.0 = Debug|Win32
		{5F466E62-5C50-4F91-AAE6-3E246A5A9C95}.Release - Fast FPU|Win32.ActiveCfg = Release|Win32
		{5F466E62-5C50-4F91-AAE6-3E246A5A9C95}.Release - Fast FPU|Win32.Build.0 = Release|Win32
		{5F466E62-5C50-4F91-AAE6-3E246A5A9C95}.Release[LTCG]|Win32.ActiveCfg = Release|Win32
		{5F466E62-5C50-4F91-AAE6-3E246A5A9C95}.Release[LTCG]|Win32.Build.0 = Release|Win32
		{5F466E62-5C50-4F91-AAE6-3E246A5A9C95}.Release[Metrics]|Win32.ActiveCfg = Release|Win32
		{5F466E62-5C50-4F91-AAE6-3E246A5A9C95}.Release[Metrics]|Win32.Build.0 = Release|Win32
		{5F466E62-5C50-4F91-AAE6-3E246A5A9C95}.Release[MinSize]|Win32.ActiveCfg = Release|Win32
		{5F466E62-5C50-4F91-AAE6-3E246A5A9C95}.Release[MinSize]|Win32.Build.0 = Release|Win32
		{5F466E62-5C50-4F91-AAE6-3E246A5A9C95}.Release|Win32.ActiveCfg = Release|Win32
		{5F466E62-5C50-4F91-AAE6-3E246A5A9C95}.Release|Win32.Build.0 = Release|Win32
		{5F466E62-5C50-4F91-AAE6-3E246A5A9C95}.ReleaseLTCG|Win32.ActiveCfg = Release|Win32
		{5F466E62-5C50-4F91-AAE6-3E246A5A9C95}.ReleaseLTCG|Win32.Build.0 = Release|Win32
		{5F466E62-5C50-4F91-AAE6-3E246A5A9C95}.RelWithDbgInfo|Win32.ActiveCfg = Release|Win32
		{5F466E62-5C50-4F91-AAE6-3E246A5A9C95}.RelWithDbgInfo|Win32.Build.0 = Release|Win32
		{5F466E62-5C50-4F91-AAE6-3E246A5A9C95}.SDL-Debug|Win32.ActiveCfg = Debug|Win32
		{5F466E62-5C50-4F91-AAE6-3E246A5A9C95}.SDL-Debug|Win32.Build.0 = Debug|Win32
		{5F466E62-5C50-4F91-AAE6-3E246A5A9C95}.Static lib - Debug|Win32.ActiveCfg = Debug|Win32
		{5F466E62-5C50-4F91-AAE6-3E246A5A9C95}.Static lib - Debug|Win32.Build.0 = Debug|Win32
		{5F466E62-5C50-4F91-AAE6-3E246A5A9C95}.Static lib - Release - Fast FPU|Win32.ActiveCfg = Release|Win32
		{5F466E62-5C50-4F91-AAE6-3E246A5A9C95}.Static lib - Release - Fast FPU|Win32.Build.0 = Release|Win32
		{5F466E62-5C50-4F91-AAE6-3E246A5A9C95}.Static lib - Release|Win32.ActiveCfg = Release|Win32
		{5F466E62-5C50-4F91-AAE6-3E246A5A9C95}.Static lib - Release|Win32.Build.0 = Release|Win32
	EndGlobalSection
	GlobalSection(SolutionProperties) = preSolution
		HideSolutionNode = FALSE
	EndGlobalSection
	GlobalSection(NestedProjects) = preSolution
		{5CB829D9-BA2D-4E71-8D51-8558DEBEAC92} = {8D1151F9-60D4-4BC4-B022-C90C03F6CE21}
		{EED1F22C-E742-431E-B669-F4F3B080CD5D} = {8D1151F9-60D4-4BC4-B022-C90C03F6CE21}
		{8A7EE354-0331-4CDC-8244-9B8080C97D02} = {8D1151F9-60D4-4BC4-B022-C90C03F6CE21}
		{CA679C57-784C-45E0-B94E-45BFB5CE52B4} = {8D1151F9-60D4-4BC4-B022-C90C03F6CE21}
		{7279CF71-BAE8-4CC2-9228-E6EAE785A1F6} = {8D1151F9-60D4-4BC4-B022-C90C03F6CE21}
		{B1FD9764-F376-44AD-AF1C-15A1FB3C720C} = {8D1151F9-60D4-4BC4-B022-C90C03F6CE21}
		{D5132CE2-05E2-43D4-B3DC-EBE86B6F574D} = {8D1151F9-60D4-4BC4-B022-C90C03F6CE21}
		{F8263479-241C-4D50-B295-9999A39F944F} = {8D1151F9-60D4-4BC4-B022-C90C03F6CE21}
		{FC82F022-B191-45E7-ACDC-C545DB7D90C0} = {50ADFB22-B621-44F8-83A9-FE72A7E138FA}
		{E672213E-93AB-4B99-AFAA-1AEDA3E4A7C7} = {50ADFB22-B621-44F8-83A9-FE72A7E138FA}
		{248DC4C2-EE6A-464A-99FD-D79235340CA6} = {50ADFB22-B621-44F8-83A9-FE72A7E138FA}
		{28DC861E-2696-4E0E-9A47-56CE57BAEF58} = {50ADFB22-B621-44F8-83A9-FE72A7E138FA}
		{5F466E62-5C50-4F91-AAE6-3E246A5A9C95} = {50ADFB22-B621-44F8-83A9-FE72A7E138FA}
	EndGlobalSection
	GlobalSection(ExtensibilityGlobals) = postSolution
		AMDCaProjectFile = E:\_\Projects\tests\test_game\CodeAnalyst\test_game.caw
		AMDCaPersistentStartup = test_d3d11
		AMDCaPersistentConfig = Debug[new PCH]|Win32
	EndGlobalSection
EndGlobal
